
Microsoft Visual Studio Solution File, Format Version 12.00
# Visual Studio 15
Project("{FAE04EC0-301F-11D3-BF4B-00C04F79EFBC}") = "Unity.Timeline", "Unity.Timeline.csproj", "{A4FBBA58-FD0C-4B3E-8B21-D60801CDA058}"
EndProject
Project("{FAE04EC0-301F-11D3-BF4B-00C04F79EFBC}") = "Unity.RenderPipelines.GPUDriven.Runtime", "Unity.RenderPipelines.GPUDriven.Runtime.csproj", "{D3CD1D7B-C11B-C83E-5967-46C096105547}"
EndProject
Project("{FAE04EC0-301F-11D3-BF4B-00C04F79EFBC}") = "Unity.PlasticSCM.Editor", "Unity.PlasticSCM.Editor.csproj", "{3A42EFA9-2FB1-4727-5E45-F9472C67D072}"
EndProject
Project("{FAE04EC0-301F-11D3-BF4B-00C04F79EFBC}") = "Unity.2D.Aseprite.Editor", "Unity.2D.Aseprite.Editor.csproj", "{319A4898-421D-8164-D8F5-869E523B2871}"
EndProject
Project("{FAE04EC0-301F-11D3-BF4B-00C04F79EFBC}") = "MCPForUnity.Runtime", "MCPForUnity.Runtime.csproj", "{4E8AE669-1B7B-CA84-765F-A2F97F1528A7}"
EndProject
Project("{FAE04EC0-301F-11D3-BF4B-00C04F79EFBC}") = "Unity.ShaderGraph.Editor", "Unity.ShaderGraph.Editor.csproj", "{CFC492CC-56B7-F588-4F26-55D6F751958E}"
EndProject
Project("{FAE04EC0-301F-11D3-BF4B-00C04F79EFBC}") = "Unity.RenderPipelines.Core.Runtime", "Unity.RenderPipelines.Core.Runtime.csproj", "{4D096EDB-4809-C17B-4E9A-C69318F0EBC8}"
EndProject
Project("{FAE04EC0-301F-11D3-BF4B-00C04F79EFBC}") = "Unity.Mathematics", "Unity.Mathematics.csproj", "{B783A412-D731-C827-CD9E-6C3A59BF4828}"
EndProject
Project("{FAE04EC0-301F-11D3-BF4B-00C04F79EFBC}") = "Unity.Timeline.Editor", "Unity.Timeline.Editor.csproj", "{DA0B621F-E43B-7415-FB0C-D48FFFF63F2B}"
EndProject
Project("{FAE04EC0-301F-11D3-BF4B-00C04F79EFBC}") = "Unity.Multiplayer.Center.Editor", "Unity.Multiplayer.Center.Editor.csproj", "{5102F2F0-AE64-AA41-464E-267B201441FA}"
EndProject
Project("{FAE04EC0-301F-11D3-BF4B-00C04F79EFBC}") = "Unity.RenderPipelines.Core.Editor", "Unity.RenderPipelines.Core.Editor.csproj", "{2CBE3E03-E099-49F6-89C0-9FA499B50D48}"
EndProject
Project("{FAE04EC0-301F-11D3-BF4B-00C04F79EFBC}") = "Unity.2D.Psdimporter.Editor", "Unity.2D.Psdimporter.Editor.csproj", "{EDAAB5F5-854E-6197-B9BD-B95B26937723}"
EndProject
Project("{FAE04EC0-301F-11D3-BF4B-00C04F79EFBC}") = "UnityEngine.UI", "UnityEngine.UI.csproj", "{5451C095-8707-2255-6D64-76E87BF8C24D}"
EndProject
Project("{FAE04EC0-301F-11D3-BF4B-00C04F79EFBC}") = "Unity.2D.IK.Runtime", "Unity.2D.IK.Runtime.csproj", "{81C3AC00-AC86-7EA5-855C-69666DCBF966}"
EndProject
Project("{FAE04EC0-301F-11D3-BF4B-00C04F79EFBC}") = "Unity.RenderPipelines.Universal.2D.Runtime", "Unity.RenderPipelines.Universal.2D.Runtime.csproj", "{20901B33-D816-D295-B3F6-F2FBC81C50EE}"
EndProject
Project("{FAE04EC0-301F-11D3-BF4B-00C04F79EFBC}") = "Unity.Collections", "Unity.Collections.csproj", "{FC46478E-6E7B-C50B-3ED6-AA239DC02A98}"
EndProject
Project("{FAE04EC0-301F-11D3-BF4B-00C04F79EFBC}") = "Unity.VisualScripting.Core.Editor", "Unity.VisualScripting.Core.Editor.csproj", "{94C93C94-BD1E-AD00-5B6D-B9AE988C5089}"
EndProject
Project("{FAE04EC0-301F-11D3-BF4B-00C04F79EFBC}") = "Unity.RenderPipelines.Universal.Editor", "Unity.RenderPipelines.Universal.Editor.csproj", "{E8AD7D9E-1C6A-B4F0-6B1D-4820DA322B4F}"
EndProject
Project("{FAE04EC0-301F-11D3-BF4B-00C04F79EFBC}") = "Unity.PerformanceTesting.Editor", "Unity.PerformanceTesting.Editor.csproj", "{D71695FC-3B0B-E796-EFDB-63A0FEEFED60}"
EndProject
Project("{FAE04EC0-301F-11D3-BF4B-00C04F79EFBC}") = "UnityEngine.TestRunner", "UnityEngine.TestRunner.csproj", "{E04D3CAD-3B0E-D504-DD6B-00220972ADDD}"
EndProject
Project("{FAE04EC0-301F-11D3-BF4B-00C04F79EFBC}") = "Unity.2D.Tilemap.Editor", "Unity.2D.Tilemap.Editor.csproj", "{4702C1B7-6D31-65C5-47CE-81803C59B71D}"
EndProject
Project("{FAE04EC0-301F-11D3-BF4B-00C04F79EFBC}") = "Unity.Burst", "Unity.Burst.csproj", "{45384B1A-7394-8974-BA8F-BCD22D6742A5}"
EndProject
Project("{FAE04EC0-301F-11D3-BF4B-00C04F79EFBC}") = "Unity.VisualScripting.Flow.Editor", "Unity.VisualScripting.Flow.Editor.csproj", "{B38C4716-D112-27BD-1B56-9762873B1542}"
EndProject
Project("{FAE04EC0-301F-11D3-BF4B-00C04F79EFBC}") = "Assembly-CSharp", "Assembly-CSharp.csproj", "{32B17B58-2C1F-CCF3-7F88-BBD441A0C43C}"
EndProject
Project("{FAE04EC0-301F-11D3-BF4B-00C04F79EFBC}") = "Unity.2D.SpriteShape.Editor", "Unity.2D.SpriteShape.Editor.csproj", "{BD89C970-0E98-6EBF-6618-E7375C390A4A}"
EndProject
Project("{FAE04EC0-301F-11D3-BF4B-00C04F79EFBC}") = "Unity.VisualStudio.Editor", "Unity.VisualStudio.Editor.csproj", "{4E2A35A4-500E-DB4D-81DF-D24F40CD7BB1}"
EndProject
Project("{FAE04EC0-301F-11D3-BF4B-00C04F79EFBC}") = "Unity.InputSystem", "Unity.InputSystem.csproj", "{0A7F4BB9-2B17-A901-38E1-561E6981D04F}"
EndProject
Project("{FAE04EC0-301F-11D3-BF4B-00C04F79EFBC}") = "MCPForUnity.Editor", "MCPForUnity.Editor.csproj", "{3938D9AA-C9D3-6697-4CB9-20B445F0DD23}"
EndProject
Project("{FAE04EC0-301F-11D3-BF4B-00C04F79EFBC}") = "Unity.2D.Animation.Editor", "Unity.2D.Animation.Editor.csproj", "{F003B3D6-4752-5816-0EBD-4FDBD540697B}"
EndProject
Project("{FAE04EC0-301F-11D3-BF4B-00C04F79EFBC}") = "Unity.Searcher.Editor", "Unity.Searcher.Editor.csproj", "{C5F58D6C-47C2-E145-D739-7CE99601F920}"
EndProject
Project("{FAE04EC0-301F-11D3-BF4B-00C04F79EFBC}") = "Unity.2D.SpriteShape.Runtime", "Unity.2D.SpriteShape.Runtime.csproj", "{00918659-8A0F-E55C-535A-43DB90563C10}"
EndProject
Project("{FAE04EC0-301F-11D3-BF4B-00C04F79EFBC}") = "UnityEditor.TestRunner", "UnityEditor.TestRunner.csproj", "{12323D2B-12E5-84FA-8A26-7524A846067A}"
EndProject
Project("{FAE04EC0-301F-11D3-BF4B-00C04F79EFBC}") = "Unity.VisualScripting.Core", "Unity.VisualScripting.Core.csproj", "{511A38B3-1A3D-BACB-E197-7C4DF428708F}"
EndProject
Project("{FAE04EC0-301F-11D3-BF4B-00C04F79EFBC}") = "Unity.RenderPipelines.Universal.Runtime", "Unity.RenderPipelines.Universal.Runtime.csproj", "{ABEA0D06-A554-6A95-5B2E-2DC6CFBFA0E3}"
EndProject
Project("{FAE04EC0-301F-11D3-BF4B-00C04F79EFBC}") = "Unity.UnifiedRayTracing.Runtime", "Unity.UnifiedRayTracing.Runtime.csproj", "{92B04905-776A-024C-D2C2-B8D3B4C59879}"
EndProject
Project("{FAE04EC0-301F-11D3-BF4B-00C04F79EFBC}") = "Unity.VisualScripting.State.Editor", "Unity.VisualScripting.State.Editor.csproj", "{A10C9B08-ACC3-040D-6098-8671450C89E9}"
EndProject
Project("{FAE04EC0-301F-11D3-BF4B-00C04F79EFBC}") = "Unity.Burst.CodeGen", "Unity.Burst.CodeGen.csproj", "{3D041CC7-28EA-321A-DB9A-F2269B152059}"
EndProject
Project("{FAE04EC0-301F-11D3-BF4B-00C04F79EFBC}") = "Unity.VisualScripting.Flow", "Unity.VisualScripting.Flow.csproj", "{C1D1E68D-3A0F-2749-B299-9AAF4039DD90}"
EndProject
Project("{FAE04EC0-301F-11D3-BF4B-00C04F79EFBC}") = "Unity.PerformanceTesting", "Unity.PerformanceTesting.csproj", "{83F03FC6-1400-99C4-38E2-98DFD3FAD9B4}"
EndProject
Project("{FAE04EC0-301F-11D3-BF4B-00C04F79EFBC}") = "Unity.2D.Tilemap.Extras.Editor", "Unity.2D.Tilemap.Extras.Editor.csproj", "{77665322-F609-4FE6-A665-343D7FCF8A9A}"
EndProject
Project("{FAE04EC0-301F-11D3-BF4B-00C04F79EFBC}") = "Unity.TextMeshPro", "Unity.TextMeshPro.csproj", "{F063C99D-1B36-C368-70F1-E594FBD7AB04}"
EndProject
Project("{FAE04EC0-301F-11D3-BF4B-00C04F79EFBC}") = "Unity.TextMeshPro.Editor", "Unity.TextMeshPro.Editor.csproj", "{784656DA-1F03-EAB7-1EDB-B8B0EC7B8C15}"
EndProject
Project("{FAE04EC0-301F-11D3-BF4B-00C04F79EFBC}") = "PsdPlugin", "PsdPlugin.csproj", "{33B985C3-7FB5-5D67-B764-8AC4CE895A81}"
EndProject
Project("{FAE04EC0-301F-11D3-BF4B-00C04F79EFBC}") = "Unity.2D.IK.Editor", "Unity.2D.IK.Editor.csproj", "{AD6FA6EA-55FF-B11E-1628-CD80383CDD1A}"
EndProject
Project("{FAE04EC0-301F-11D3-BF4B-00C04F79EFBC}") = "Unity.InternalAPIEngineBridge.001", "Unity.InternalAPIEngineBridge.001.csproj", "{5EAD844C-DD85-C635-F00A-4EC60A1B3514}"
EndProject
Project("{FAE04EC0-301F-11D3-BF4B-00C04F79EFBC}") = "Unity.Burst.Editor", "Unity.Burst.Editor.csproj", "{DEDD8DFD-4D5B-CF81-F796-3E85A5300FE6}"
EndProject
Project("{FAE04EC0-301F-11D3-BF4B-00C04F79EFBC}") = "Unity.2D.Common.Path.Editor", "Unity.2D.Common.Path.Editor.csproj", "{B232F376-5EF8-0E93-EE23-086DC3EFBC88}"
EndProject
Project("{FAE04EC0-301F-11D3-BF4B-00C04F79EFBC}") = "Unity.2D.Common.Editor", "Unity.2D.Common.Editor.csproj", "{254ADC37-E7EC-204F-FF3F-A39D09A8D38B}"
EndProject
Project("{FAE04EC0-301F-11D3-BF4B-00C04F79EFBC}") = "ScriptablePacker", "ScriptablePacker.csproj", "{BBDCEC80-8272-5558-B060-9497279E8AF2}"
EndProject
Project("{FAE04EC0-301F-11D3-BF4B-00C04F79EFBC}") = "Unity.Rider.Editor", "Unity.Rider.Editor.csproj", "{961838E0-B432-97EC-1626-4B2932D01ED1}"
EndProject
Project("{FAE04EC0-301F-11D3-BF4B-00C04F79EFBC}") = "Unity.2D.Tooling.Editor", "Unity.2D.Tooling.Editor.csproj", "{A4ED627E-3F7F-3BB1-ACD9-2282806C4AD2}"
EndProject
Project("{FAE04EC0-301F-11D3-BF4B-00C04F79EFBC}") = "Unity.VisualScripting.State", "Unity.VisualScripting.State.csproj", "{86B5FA9C-E910-4137-9798-4366EE7C13E0}"
EndProject
Project("{FAE04EC0-301F-11D3-BF4B-00C04F79EFBC}") = "Unity.InternalAPIEditorBridge.001", "Unity.InternalAPIEditorBridge.001.csproj", "{ABA8F0A9-A305-C257-19E6-3E4DE04CC659}"
EndProject
Project("{FAE04EC0-301F-11D3-BF4B-00C04F79EFBC}") = "UnityEditor.UI", "UnityEditor.UI.csproj", "{1DC8933A-5C47-9C7A-1BCB-1C3969423D99}"
EndProject
Project("{FAE04EC0-301F-11D3-BF4B-00C04F79EFBC}") = "Unity.RenderPipelines.Universal.2D.Editor.Overrides", "Unity.RenderPipelines.Universal.2D.Editor.Overrides.csproj", "{0BC37024-AE47-33AF-AA53-7E0BDE7B5179}"
EndProject
Project("{FAE04EC0-301F-11D3-BF4B-00C04F79EFBC}") = "Unity.2D.Sprite.Editor", "Unity.2D.Sprite.Editor.csproj", "{7F0B8B80-8EDE-0E72-30A2-194441672FFA}"
EndProject
Project("{FAE04EC0-301F-11D3-BF4B-00C04F79EFBC}") = "Unity.RenderPipelines.Core.Editor.Shared", "Unity.RenderPipelines.Core.Editor.Shared.csproj", "{5E7757B8-A14C-49E1-C399-A605958FE2F4}"
EndProject
Project("{FAE04EC0-301F-11D3-BF4B-00C04F79EFBC}") = "Unity.Multiplayer.Center.Common", "Unity.Multiplayer.Center.Common.csproj", "{9C26A033-9B9C-878D-CA5A-7223C1239E10}"
EndProject
Project("{FAE04EC0-301F-11D3-BF4B-00C04F79EFBC}") = "Unity.RenderPipelines.Core.Runtime.Shared", "Unity.RenderPipelines.Core.Runtime.Shared.csproj", "{3604FE17-3765-9375-4AD3-BC10D9B5EBFE}"
EndProject
Project("{FAE04EC0-301F-11D3-BF4B-00C04F79EFBC}") = "Unity.InputSystem.ForUI", "Unity.InputSystem.ForUI.csproj", "{93C7591F-21A3-95C8-83FA-1DCA7D6C0624}"
EndProject
Project("{FAE04EC0-301F-11D3-BF4B-00C04F79EFBC}") = "Unity.Collections.CodeGen", "Unity.Collections.CodeGen.csproj", "{559EAE18-730A-2210-B77D-54A76BF83A96}"
EndProject
Project("{FAE04EC0-301F-11D3-BF4B-00C04F79EFBC}") = "Unity.2D.Tilemap.Extras", "Unity.2D.Tilemap.Extras.csproj", "{33C90DAD-5D21-38DA-2FFC-D17470944A7C}"
EndProject
Project("{FAE04EC0-301F-11D3-BF4B-00C04F79EFBC}") = "Unity.2D.Animation.Runtime", "Unity.2D.Animation.Runtime.csproj", "{D53267F8-3B7D-B700-F225-9B744EC5115E}"
EndProject
Project("{FAE04EC0-301F-11D3-BF4B-00C04F79EFBC}") = "Unity.Mathematics.Editor", "Unity.Mathematics.Editor.csproj", "{ADD44226-B715-35B1-BDE5-AAD735F23CEF}"
EndProject
Project("{FAE04EC0-301F-11D3-BF4B-00C04F79EFBC}") = "Unity.VisualScripting.SettingsProvider.Editor", "Unity.VisualScripting.SettingsProvider.Editor.csproj", "{081E7FF7-940D-3AB3-E936-679A76DBDB85}"
EndProject
Project("{FAE04EC0-301F-11D3-BF4B-00C04F79EFBC}") = "UnityEditor.UI.Analytics", "UnityEditor.UI.Analytics.csproj", "{23637EF1-1A71-19FC-F7D2-9F296C0CF930}"
EndProject
Project("{FAE04EC0-301F-11D3-BF4B-00C04F79EFBC}") = "Unity.PathTracing.Runtime", "Unity.PathTracing.Runtime.csproj", "{94AC3968-2A69-B6A4-CE53-F63C495B7487}"
EndProject
Project("{FAE04EC0-301F-11D3-BF4B-00C04F79EFBC}") = "Unity.2D.Common.Runtime", "Unity.2D.Common.Runtime.csproj", "{5703330D-913F-5A37-2CBB-BC3AEA6F6CAE}"
EndProject
Project("{FAE04EC0-301F-11D3-BF4B-00C04F79EFBC}") = "Unity.PathTracing.Editor", "Unity.PathTracing.Editor.csproj", "{2F12741E-BE29-969A-3C5D-BC07EE5C81E6}"
EndProject
Project("{FAE04EC0-301F-11D3-BF4B-00C04F79EFBC}") = "Unity.InputSystem.TestFramework", "Unity.InputSystem.TestFramework.csproj", "{07814C67-AF7B-160F-8974-B52EC64CAE25}"
EndProject
Project("{FAE04EC0-301F-11D3-BF4B-00C04F79EFBC}") = "Unity.ShaderGraph.Utilities", "Unity.ShaderGraph.Utilities.csproj", "{89225CE8-23AC-6319-D74A-D03FAA6E60D6}"
EndProject
Project("{FAE04EC0-301F-11D3-BF4B-00C04F79EFBC}") = "Unity.VisualScripting.Shared.Editor", "Unity.VisualScripting.Shared.Editor.csproj", "{1B300D2C-94D6-15CC-4E5A-7D5F2F7C06D2}"
EndProject
Project("{FAE04EC0-301F-11D3-BF4B-00C04F79EFBC}") = "Unity.2D.Aseprite.Common", "Unity.2D.Aseprite.Common.csproj", "{9B01683C-3275-09B9-589F-A282AD80CE07}"
EndProject
Project("{FAE04EC0-301F-11D3-BF4B-00C04F79EFBC}") = "Assembly-CSharp-Editor", "Assembly-CSharp-Editor.csproj", "{3413428F-3D3E-60AD-C0C0-70D73476DC01}"
EndProject
Project("{FAE04EC0-301F-11D3-BF4B-00C04F79EFBC}") = "Unity.SurfaceCache.Runtime", "Unity.SurfaceCache.Runtime.csproj", "{14CC8B32-FC68-CCF1-EC00-3F5B76804027}"
EndProject
Project("{FAE04EC0-301F-11D3-BF4B-00C04F79EFBC}") = "Unity.InternalAPIEngineBridge.RenderPipelines.Core.Runtime.Shared", "Unity.InternalAPIEngineBridge.RenderPipelines.Core.Runtime.Shared.csproj", "{F7563B0E-36F3-A9CE-2230-BE118DEEC59F}"
EndProject
Project("{FAE04EC0-301F-11D3-BF4B-00C04F79EFBC}") = "Unity.CollabProxy.Editor", "Unity.CollabProxy.Editor.csproj", "{8027CAC4-ED9B-748B-82A2-417D55B2BDE7}"
EndProject
Project("{FAE04EC0-301F-11D3-BF4B-00C04F79EFBC}") = "Unity.RenderPipeline.Universal.ShaderLibrary", "Unity.RenderPipeline.Universal.ShaderLibrary.csproj", "{BB8BA6C4-69F0-699A-6F5C-E1EA751CB935}"
EndProject
Project("{FAE04EC0-301F-11D3-BF4B-00C04F79EFBC}") = "Unity.InternalAPIEngineBridge.004", "Unity.InternalAPIEngineBridge.004.csproj", "{E51D0C36-59AB-BE44-C3E2-767A1554A7AC}"
EndProject
Project("{FAE04EC0-301F-11D3-BF4B-00C04F79EFBC}") = "Unity.InputSystem.DocCodeSamples", "Unity.InputSystem.DocCodeSamples.csproj", "{DA572375-CD00-7656-EBAB-4EFC05BF9499}"
EndProject
Project("{FAE04EC0-301F-11D3-BF4B-00C04F79EFBC}") = "Unity.RenderPipelines.Universal.Shaders", "Unity.RenderPipelines.Universal.Shaders.csproj", "{355317C4-29E5-E146-2E06-C454088ACB47}"
EndProject
Project("{FAE04EC0-301F-11D3-BF4B-00C04F79EFBC}") = "Unity.InternalAPIEditorBridge.ShaderGraph.Editor", "Unity.InternalAPIEditorBridge.ShaderGraph.Editor.csproj", "{F5049756-D759-A79F-FE31-0B011CA9F117}"
EndProject
Project("{FAE04EC0-301F-11D3-BF4B-00C04F79EFBC}") = "Unity.VisualScripting.DocCodeExamples", "Unity.VisualScripting.DocCodeExamples.csproj", "{0C7BE3DF-1AF8-5EBB-0C47-C982AAE54491}"
EndProject
Project("{FAE04EC0-301F-11D3-BF4B-00C04F79EFBC}") = "Unity.PlasticSCM.Editor.Entities", "Unity.PlasticSCM.Editor.Entities.csproj", "{7CAE3283-094E-CCD8-5CAA-61ADC166CCF4}"
EndProject
Project("{FAE04EC0-301F-11D3-BF4B-00C04F79EFBC}") = "Unity.Rendering.LightTransport.Editor", "Unity.Rendering.LightTransport.Editor.csproj", "{762FBEC3-8193-EBBF-83E0-5BDFA9472887}"
EndProject
Project("{FAE04EC0-301F-11D3-BF4B-00C04F79EFBC}") = "Unity.Collections.Editor", "Unity.Collections.Editor.csproj", "{0DFA2001-2076-82A9-8B82-BF180A3A974D}"
EndProject
Project("{FAE04EC0-301F-11D3-BF4B-00C04F79EFBC}") = "Unity.2D.Triangulation.Runtime", "Unity.2D.Triangulation.Runtime.csproj", "{103D741A-8AA6-0E07-6E66-DA34F9063E35}"
EndProject
Project("{FAE04EC0-301F-11D3-BF4B-00C04F79EFBC}") = "Unity.RenderPipelines.Universal.Config.Runtime", "Unity.RenderPipelines.Universal.Config.Runtime.csproj", "{79F51745-DCC1-ECF4-7A79-F46AE1A4CEC3}"
EndProject
Project("{FAE04EC0-301F-11D3-BF4B-00C04F79EFBC}") = "Unity.RenderPipelines.ShaderGraph.ShaderGraphLibrary", "Unity.RenderPipelines.ShaderGraph.ShaderGraphLibrary.csproj", "{952AF79C-AE44-0145-FF42-72ADB498E04C}"
EndProject
Project("{FAE04EC0-301F-11D3-BF4B-00C04F79EFBC}") = "Unity.RenderPipelines.Core.ShaderLibrary", "Unity.RenderPipelines.Core.ShaderLibrary.csproj", "{FAAB8B42-F891-9290-E27A-4A85DF1059C4}"
EndProject
Project("{FAE04EC0-301F-11D3-BF4B-00C04F79EFBC}") = "Unity.Timeline", "Unity.Timeline.Player.csproj", "{16E89C03-1EDB-40EB-A238-F99AF5B2F614}"
EndProject
Project("{FAE04EC0-301F-11D3-BF4B-00C04F79EFBC}") = "Unity.RenderPipelines.GPUDriven.Runtime", "Unity.RenderPipelines.GPUDriven.Runtime.Player.csproj", "{A7B3176F-BF48-897A-9928-B72723096C2C}"
EndProject
Project("{FAE04EC0-301F-11D3-BF4B-00C04F79EFBC}") = "MCPForUnity.Runtime", "MCPForUnity.Runtime.Player.csproj", "{0970149B-925D-5ADC-52EB-549043774854}"
EndProject
Project("{FAE04EC0-301F-11D3-BF4B-00C04F79EFBC}") = "Unity.RenderPipelines.Core.Runtime", "Unity.RenderPipelines.Core.Runtime.Player.csproj", "{415FB817-105E-AA58-DD95-CC2188078450}"
EndProject
Project("{FAE04EC0-301F-11D3-BF4B-00C04F79EFBC}") = "Unity.Mathematics", "Unity.Mathematics.Player.csproj", "{9F8DD269-0D05-7F60-FE0B-C1804D5D6728}"
EndProject
Project("{FAE04EC0-301F-11D3-BF4B-00C04F79EFBC}") = "UnityEngine.UI", "UnityEngine.UI.Player.csproj", "{CF7179C5-7382-3257-0867-0EAC18E1C223}"
EndProject
Project("{FAE04EC0-301F-11D3-BF4B-00C04F79EFBC}") = "Unity.2D.IK.Runtime", "Unity.2D.IK.Runtime.Player.csproj", "{27B97A8F-0775-B5F7-F3E7-C75112C20158}"
EndProject
Project("{FAE04EC0-301F-11D3-BF4B-00C04F79EFBC}") = "Unity.RenderPipelines.Universal.2D.Runtime", "Unity.RenderPipelines.Universal.2D.Runtime.Player.csproj", "{8778D720-A31C-ADED-3715-ED177C662A13}"
EndProject
Project("{FAE04EC0-301F-11D3-BF4B-00C04F79EFBC}") = "Unity.Collections", "Unity.Collections.Player.csproj", "{020A03B2-3A6A-290E-0023-8E2C9ABC8890}"
EndProject
Project("{FAE04EC0-301F-11D3-BF4B-00C04F79EFBC}") = "UnityEngine.TestRunner", "UnityEngine.TestRunner.Player.csproj", "{07920AAC-F196-E002-891C-2B3E54E8C3E1}"
EndProject
Project("{FAE04EC0-301F-11D3-BF4B-00C04F79EFBC}") = "Unity.Burst", "Unity.Burst.Player.csproj", "{2970589C-758A-41B9-0782-A4FE0FE137E6}"
EndProject
Project("{FAE04EC0-301F-11D3-BF4B-00C04F79EFBC}") = "Assembly-CSharp", "Assembly-CSharp.Player.csproj", "{73029217-A712-B953-3AED-5B8BF2929ABE}"
EndProject
Project("{FAE04EC0-301F-11D3-BF4B-00C04F79EFBC}") = "Unity.InputSystem", "Unity.InputSystem.Player.csproj", "{31800E49-0F37-BE27-21D1-B3CC8ED69A00}"
EndProject
Project("{FAE04EC0-301F-11D3-BF4B-00C04F79EFBC}") = "Unity.2D.SpriteShape.Runtime", "Unity.2D.SpriteShape.Runtime.Player.csproj", "{BFF064E1-A3F7-9E7E-3C05-01EDEBD264C0}"
EndProject
Project("{FAE04EC0-301F-11D3-BF4B-00C04F79EFBC}") = "Unity.VisualScripting.Core", "Unity.VisualScripting.Core.Player.csproj", "{792AA12C-9533-547F-5460-2851644E926C}"
EndProject
Project("{FAE04EC0-301F-11D3-BF4B-00C04F79EFBC}") = "Unity.RenderPipelines.Universal.Runtime", "Unity.RenderPipelines.Universal.Runtime.Player.csproj", "{6A3880B8-454D-26B6-17CB-DF66BC8FDA69}"
EndProject
Project("{FAE04EC0-301F-11D3-BF4B-00C04F79EFBC}") = "Unity.UnifiedRayTracing.Runtime", "Unity.UnifiedRayTracing.Runtime.Player.csproj", "{F4F41B5E-493C-DE49-562E-EA9EA52E9FA2}"
EndProject
Project("{FAE04EC0-301F-11D3-BF4B-00C04F79EFBC}") = "Unity.VisualScripting.Flow", "Unity.VisualScripting.Flow.Player.csproj", "{583D3297-D30E-B648-34E7-111124840B95}"
EndProject
Project("{FAE04EC0-301F-11D3-BF4B-00C04F79EFBC}") = "Unity.PerformanceTesting", "Unity.PerformanceTesting.Player.csproj", "{962B1B45-58D2-F95C-6E9A-FFD7AD520408}"
EndProject
Project("{FAE04EC0-301F-11D3-BF4B-00C04F79EFBC}") = "Unity.TextMeshPro", "Unity.TextMeshPro.Player.csproj", "{FF4E9D26-799F-7F55-4F77-4CE7F15CB6FF}"
EndProject
Project("{FAE04EC0-301F-11D3-BF4B-00C04F79EFBC}") = "Unity.InternalAPIEngineBridge.001", "Unity.InternalAPIEngineBridge.001.Player.csproj", "{EFAEE9B9-23E6-4E52-9A0B-DCC63AE355EC}"
EndProject
Project("{FAE04EC0-301F-11D3-BF4B-00C04F79EFBC}") = "Unity.VisualScripting.State", "Unity.VisualScripting.State.Player.csproj", "{D470565A-CC3C-82D6-828D-97704A18A7F0}"
EndProject
Project("{FAE04EC0-301F-11D3-BF4B-00C04F79EFBC}") = "Unity.Multiplayer.Center.Common", "Unity.Multiplayer.Center.Common.Player.csproj", "{B4106C64-7452-1A09-49F8-F438664E3F64}"
EndProject
Project("{FAE04EC0-301F-11D3-BF4B-00C04F79EFBC}") = "Unity.RenderPipelines.Core.Runtime.Shared", "Unity.RenderPipelines.Core.Runtime.Shared.Player.csproj", "{79BB82B5-4267-8FD3-FA5F-9BB14E9C67AA}"
EndProject
Project("{FAE04EC0-301F-11D3-BF4B-00C04F79EFBC}") = "Unity.InputSystem.ForUI", "Unity.InputSystem.ForUI.Player.csproj", "{4661A131-FDC1-DC5F-C437-D09B773F98BB}"
EndProject
Project("{FAE04EC0-301F-11D3-BF4B-00C04F79EFBC}") = "Unity.2D.Tilemap.Extras", "Unity.2D.Tilemap.Extras.Player.csproj", "{C8B446C9-0DE6-8FBF-DE22-C09F8FB27760}"
EndProject
Project("{FAE04EC0-301F-11D3-BF4B-00C04F79EFBC}") = "Unity.2D.Animation.Runtime", "Unity.2D.Animation.Runtime.Player.csproj", "{A3B3FF3A-9605-A225-4822-04D861E1CBD9}"
EndProject
Project("{FAE04EC0-301F-11D3-BF4B-00C04F79EFBC}") = "Unity.PathTracing.Runtime", "Unity.PathTracing.Runtime.Player.csproj", "{4A07EBE4-EC47-4745-6D7C-14D4AFFC654E}"
EndProject
Project("{FAE04EC0-301F-11D3-BF4B-00C04F79EFBC}") = "Unity.2D.Common.Runtime", "Unity.2D.Common.Runtime.Player.csproj", "{96CEA096-BAF2-867D-451E-6F981BBB3846}"
EndProject
Project("{FAE04EC0-301F-11D3-BF4B-00C04F79EFBC}") = "Unity.InputSystem.TestFramework", "Unity.InputSystem.TestFramework.Player.csproj", "{B3CFD9D1-BAAF-0F72-6C12-09B8E9B03D49}"
EndProject
Project("{FAE04EC0-301F-11D3-BF4B-00C04F79EFBC}") = "Unity.SurfaceCache.Runtime", "Unity.SurfaceCache.Runtime.Player.csproj", "{64939F09-D396-3AD9-BBB4-E1BDD0E0193F}"
EndProject
Project("{FAE04EC0-301F-11D3-BF4B-00C04F79EFBC}") = "Unity.InternalAPIEngineBridge.RenderPipelines.Core.Runtime.Shared", "Unity.InternalAPIEngineBridge.RenderPipelines.Core.Runtime.Shared.Player.csproj", "{888AD1EE-4E69-A89C-35B6-A16878B932AC}"
EndProject
Project("{FAE04EC0-301F-11D3-BF4B-00C04F79EFBC}") = "Unity.RenderPipeline.Universal.ShaderLibrary", "Unity.RenderPipeline.Universal.ShaderLibrary.Player.csproj", "{9299A6A8-C3A5-8DAB-BB5D-0F3DAE7DFD20}"
EndProject
Project("{FAE04EC0-301F-11D3-BF4B-00C04F79EFBC}") = "Unity.InternalAPIEngineBridge.004", "Unity.InternalAPIEngineBridge.004.Player.csproj", "{936F20DC-1B49-48FF-C9AB-08D20F4E5EA0}"
EndProject
Project("{FAE04EC0-301F-11D3-BF4B-00C04F79EFBC}") = "Unity.RenderPipelines.Universal.Shaders", "Unity.RenderPipelines.Universal.Shaders.Player.csproj", "{6CE73E83-99D9-FA68-33EE-57EC3D75D892}"
EndProject
Project("{FAE04EC0-301F-11D3-BF4B-00C04F79EFBC}") = "Unity.VisualScripting.DocCodeExamples", "Unity.VisualScripting.DocCodeExamples.Player.csproj", "{7F11ED72-7A9B-D2A7-75ED-64251566E5C3}"
EndProject
Project("{FAE04EC0-301F-11D3-BF4B-00C04F79EFBC}") = "Unity.RenderPipelines.Universal.Config.Runtime", "Unity.RenderPipelines.Universal.Config.Runtime.Player.csproj", "{F2EEE1C7-FAF6-1C6C-3B73-75CB9C46BC35}"
EndProject
Project("{FAE04EC0-301F-11D3-BF4B-00C04F79EFBC}") = "Unity.RenderPipelines.ShaderGraph.ShaderGraphLibrary", "Unity.RenderPipelines.ShaderGraph.ShaderGraphLibrary.Player.csproj", "{06076DE8-00CA-6631-27FF-E99579C134AA}"
EndProject
Project("{FAE04EC0-301F-11D3-BF4B-00C04F79EFBC}") = "Unity.RenderPipelines.Core.ShaderLibrary", "Unity.RenderPipelines.Core.ShaderLibrary.Player.csproj", "{E1BC7191-CCEF-4C9D-1F47-A4F96DDBD0CA}"
EndProject
Global
	GlobalSection(SolutionConfigurationPlatforms) = preSolution
		Debug|Any CPU = Debug|Any CPU
		Release|Any CPU = Release|Any CPU
	EndGlobalSection
	GlobalSection(ProjectConfigurationPlatforms) = postSolution
		{A4FBBA58-FD0C-4B3E-8B21-D60801CDA058}.Debug|Any CPU.ActiveCfg = Debug|Any CPU
		{A4FBBA58-FD0C-4B3E-8B21-D60801CDA058}.Debug|Any CPU.Build.0 = Debug|Any CPU
		{A4FBBA58-FD0C-4B3E-8B21-D60801CDA058}.Release|Any CPU.ActiveCfg = Release|Any CPU
		{A4FBBA58-FD0C-4B3E-8B21-D60801CDA058}.Release|Any CPU.Build.0 = Release|Any CPU
		{D3CD1D7B-C11B-C83E-5967-46C096105547}.Debug|Any CPU.ActiveCfg = Debug|Any CPU
		{D3CD1D7B-C11B-C83E-5967-46C096105547}.Debug|Any CPU.Build.0 = Debug|Any CPU
		{D3CD1D7B-C11B-C83E-5967-46C096105547}.Release|Any CPU.ActiveCfg = Release|Any CPU
		{D3CD1D7B-C11B-C83E-5967-46C096105547}.Release|Any CPU.Build.0 = Release|Any CPU
		{3A42EFA9-2FB1-4727-5E45-F9472C67D072}.Debug|Any CPU.ActiveCfg = Debug|Any CPU
		{3A42EFA9-2FB1-4727-5E45-F9472C67D072}.Debug|Any CPU.Build.0 = Debug|Any CPU
		{3A42EFA9-2FB1-4727-5E45-F9472C67D072}.Release|Any CPU.ActiveCfg = Release|Any CPU
		{3A42EFA9-2FB1-4727-5E45-F9472C67D072}.Release|Any CPU.Build.0 = Release|Any CPU
		{319A4898-421D-8164-D8F5-869E523B2871}.Debug|Any CPU.ActiveCfg = Debug|Any CPU
		{319A4898-421D-8164-D8F5-869E523B2871}.Debug|Any CPU.Build.0 = Debug|Any CPU
		{319A4898-421D-8164-D8F5-869E523B2871}.Release|Any CPU.ActiveCfg = Release|Any CPU
		{319A4898-421D-8164-D8F5-869E523B2871}.Release|Any CPU.Build.0 = Release|Any CPU
		{4E8AE669-1B7B-CA84-765F-A2F97F1528A7}.Debug|Any CPU.ActiveCfg = Debug|Any CPU
		{4E8AE669-1B7B-CA84-765F-A2F97F1528A7}.Debug|Any CPU.Build.0 = Debug|Any CPU
		{4E8AE669-1B7B-CA84-765F-A2F97F1528A7}.Release|Any CPU.ActiveCfg = Release|Any CPU
		{4E8AE669-1B7B-CA84-765F-A2F97F1528A7}.Release|Any CPU.Build.0 = Release|Any CPU
		{CFC492CC-56B7-F588-4F26-55D6F751958E}.Debug|Any CPU.ActiveCfg = Debug|Any CPU
		{CFC492CC-56B7-F588-4F26-55D6F751958E}.Debug|Any CPU.Build.0 = Debug|Any CPU
		{CFC492CC-56B7-F588-4F26-55D6F751958E}.Release|Any CPU.ActiveCfg = Release|Any CPU
		{CFC492CC-56B7-F588-4F26-55D6F751958E}.Release|Any CPU.Build.0 = Release|Any CPU
		{4D096EDB-4809-C17B-4E9A-C69318F0EBC8}.Debug|Any CPU.ActiveCfg = Debug|Any CPU
		{4D096EDB-4809-C17B-4E9A-C69318F0EBC8}.Debug|Any CPU.Build.0 = Debug|Any CPU
		{4D096EDB-4809-C17B-4E9A-C69318F0EBC8}.Release|Any CPU.ActiveCfg = Release|Any CPU
		{4D096EDB-4809-C17B-4E9A-C69318F0EBC8}.Release|Any CPU.Build.0 = Release|Any CPU
		{B783A412-D731-C827-CD9E-6C3A59BF4828}.Debug|Any CPU.ActiveCfg = Debug|Any CPU
		{B783A412-D731-C827-CD9E-6C3A59BF4828}.Debug|Any CPU.Build.0 = Debug|Any CPU
		{B783A412-D731-C827-CD9E-6C3A59BF4828}.Release|Any CPU.ActiveCfg = Release|Any CPU
		{B783A412-D731-C827-CD9E-6C3A59BF4828}.Release|Any CPU.Build.0 = Release|Any CPU
		{DA0B621F-E43B-7415-FB0C-D48FFFF63F2B}.Debug|Any CPU.ActiveCfg = Debug|Any CPU
		{DA0B621F-E43B-7415-FB0C-D48FFFF63F2B}.Debug|Any CPU.Build.0 = Debug|Any CPU
		{DA0B621F-E43B-7415-FB0C-D48FFFF63F2B}.Release|Any CPU.ActiveCfg = Release|Any CPU
		{DA0B621F-E43B-7415-FB0C-D48FFFF63F2B}.Release|Any CPU.Build.0 = Release|Any CPU
		{5102F2F0-AE64-AA41-464E-267B201441FA}.Debug|Any CPU.ActiveCfg = Debug|Any CPU
		{5102F2F0-AE64-AA41-464E-267B201441FA}.Debug|Any CPU.Build.0 = Debug|Any CPU
		{5102F2F0-AE64-AA41-464E-267B201441FA}.Release|Any CPU.ActiveCfg = Release|Any CPU
		{5102F2F0-AE64-AA41-464E-267B201441FA}.Release|Any CPU.Build.0 = Release|Any CPU
		{2CBE3E03-E099-49F6-89C0-9FA499B50D48}.Debug|Any CPU.ActiveCfg = Debug|Any CPU
		{2CBE3E03-E099-49F6-89C0-9FA499B50D48}.Debug|Any CPU.Build.0 = Debug|Any CPU
		{2CBE3E03-E099-49F6-89C0-9FA499B50D48}.Release|Any CPU.ActiveCfg = Release|Any CPU
		{2CBE3E03-E099-49F6-89C0-9FA499B50D48}.Release|Any CPU.Build.0 = Release|Any CPU
		{EDAAB5F5-854E-6197-B9BD-B95B26937723}.Debug|Any CPU.ActiveCfg = Debug|Any CPU
		{EDAAB5F5-854E-6197-B9BD-B95B26937723}.Debug|Any CPU.Build.0 = Debug|Any CPU
		{EDAAB5F5-854E-6197-B9BD-B95B26937723}.Release|Any CPU.ActiveCfg = Release|Any CPU
		{EDAAB5F5-854E-6197-B9BD-B95B26937723}.Release|Any CPU.Build.0 = Release|Any CPU
		{5451C095-8707-2255-6D64-76E87BF8C24D}.Debug|Any CPU.ActiveCfg = Debug|Any CPU
		{5451C095-8707-2255-6D64-76E87BF8C24D}.Debug|Any CPU.Build.0 = Debug|Any CPU
		{5451C095-8707-2255-6D64-76E87BF8C24D}.Release|Any CPU.ActiveCfg = Release|Any CPU
		{5451C095-8707-2255-6D64-76E87BF8C24D}.Release|Any CPU.Build.0 = Release|Any CPU
		{81C3AC00-AC86-7EA5-855C-69666DCBF966}.Debug|Any CPU.ActiveCfg = Debug|Any CPU
		{81C3AC00-AC86-7EA5-855C-69666DCBF966}.Debug|Any CPU.Build.0 = Debug|Any CPU
		{81C3AC00-AC86-7EA5-855C-69666DCBF966}.Release|Any CPU.ActiveCfg = Release|Any CPU
		{81C3AC00-AC86-7EA5-855C-69666DCBF966}.Release|Any CPU.Build.0 = Release|Any CPU
		{20901B33-D816-D295-B3F6-F2FBC81C50EE}.Debug|Any CPU.ActiveCfg = Debug|Any CPU
		{20901B33-D816-D295-B3F6-F2FBC81C50EE}.Debug|Any CPU.Build.0 = Debug|Any CPU
		{20901B33-D816-D295-B3F6-F2FBC81C50EE}.Release|Any CPU.ActiveCfg = Release|Any CPU
		{20901B33-D816-D295-B3F6-F2FBC81C50EE}.Release|Any CPU.Build.0 = Release|Any CPU
		{FC46478E-6E7B-C50B-3ED6-AA239DC02A98}.Debug|Any CPU.ActiveCfg = Debug|Any CPU
		{FC46478E-6E7B-C50B-3ED6-AA239DC02A98}.Debug|Any CPU.Build.0 = Debug|Any CPU
		{FC46478E-6E7B-C50B-3ED6-AA239DC02A98}.Release|Any CPU.ActiveCfg = Release|Any CPU
		{FC46478E-6E7B-C50B-3ED6-AA239DC02A98}.Release|Any CPU.Build.0 = Release|Any CPU
		{94C93C94-BD1E-AD00-5B6D-B9AE988C5089}.Debug|Any CPU.ActiveCfg = Debug|Any CPU
		{94C93C94-BD1E-AD00-5B6D-B9AE988C5089}.Debug|Any CPU.Build.0 = Debug|Any CPU
		{94C93C94-BD1E-AD00-5B6D-B9AE988C5089}.Release|Any CPU.ActiveCfg = Release|Any CPU
		{94C93C94-BD1E-AD00-5B6D-B9AE988C5089}.Release|Any CPU.Build.0 = Release|Any CPU
		{E8AD7D9E-1C6A-B4F0-6B1D-4820DA322B4F}.Debug|Any CPU.ActiveCfg = Debug|Any CPU
		{E8AD7D9E-1C6A-B4F0-6B1D-4820DA322B4F}.Debug|Any CPU.Build.0 = Debug|Any CPU
		{E8AD7D9E-1C6A-B4F0-6B1D-4820DA322B4F}.Release|Any CPU.ActiveCfg = Release|Any CPU
		{E8AD7D9E-1C6A-B4F0-6B1D-4820DA322B4F}.Release|Any CPU.Build.0 = Release|Any CPU
		{D71695FC-3B0B-E796-EFDB-63A0FEEFED60}.Debug|Any CPU.ActiveCfg = Debug|Any CPU
		{D71695FC-3B0B-E796-EFDB-63A0FEEFED60}.Debug|Any CPU.Build.0 = Debug|Any CPU
		{D71695FC-3B0B-E796-EFDB-63A0FEEFED60}.Release|Any CPU.ActiveCfg = Release|Any CPU
		{D71695FC-3B0B-E796-EFDB-63A0FEEFED60}.Release|Any CPU.Build.0 = Release|Any CPU
		{E04D3CAD-3B0E-D504-DD6B-00220972ADDD}.Debug|Any CPU.ActiveCfg = Debug|Any CPU
		{E04D3CAD-3B0E-D504-DD6B-00220972ADDD}.Debug|Any CPU.Build.0 = Debug|Any CPU
		{E04D3CAD-3B0E-D504-DD6B-00220972ADDD}.Release|Any CPU.ActiveCfg = Release|Any CPU
		{E04D3CAD-3B0E-D504-DD6B-00220972ADDD}.Release|Any CPU.Build.0 = Release|Any CPU
		{4702C1B7-6D31-65C5-47CE-81803C59B71D}.Debug|Any CPU.ActiveCfg = Debug|Any CPU
		{4702C1B7-6D31-65C5-47CE-81803C59B71D}.Debug|Any CPU.Build.0 = Debug|Any CPU
		{4702C1B7-6D31-65C5-47CE-81803C59B71D}.Release|Any CPU.ActiveCfg = Release|Any CPU
		{4702C1B7-6D31-65C5-47CE-81803C59B71D}.Release|Any CPU.Build.0 = Release|Any CPU
		{45384B1A-7394-8974-BA8F-BCD22D6742A5}.Debug|Any CPU.ActiveCfg = Debug|Any CPU
		{45384B1A-7394-8974-BA8F-BCD22D6742A5}.Debug|Any CPU.Build.0 = Debug|Any CPU
		{45384B1A-7394-8974-BA8F-BCD22D6742A5}.Release|Any CPU.ActiveCfg = Release|Any CPU
		{45384B1A-7394-8974-BA8F-BCD22D6742A5}.Release|Any CPU.Build.0 = Release|Any CPU
		{B38C4716-D112-27BD-1B56-9762873B1542}.Debug|Any CPU.ActiveCfg = Debug|Any CPU
		{B38C4716-D112-27BD-1B56-9762873B1542}.Debug|Any CPU.Build.0 = Debug|Any CPU
		{B38C4716-D112-27BD-1B56-9762873B1542}.Release|Any CPU.ActiveCfg = Release|Any CPU
		{B38C4716-D112-27BD-1B56-9762873B1542}.Release|Any CPU.Build.0 = Release|Any CPU
		{32B17B58-2C1F-CCF3-7F88-BBD441A0C43C}.Debug|Any CPU.ActiveCfg = Debug|Any CPU
		{32B17B58-2C1F-CCF3-7F88-BBD441A0C43C}.Debug|Any CPU.Build.0 = Debug|Any CPU
		{32B17B58-2C1F-CCF3-7F88-BBD441A0C43C}.Release|Any CPU.ActiveCfg = Release|Any CPU
		{32B17B58-2C1F-CCF3-7F88-BBD441A0C43C}.Release|Any CPU.Build.0 = Release|Any CPU
		{BD89C970-0E98-6EBF-6618-E7375C390A4A}.Debug|Any CPU.ActiveCfg = Debug|Any CPU
		{BD89C970-0E98-6EBF-6618-E7375C390A4A}.Debug|Any CPU.Build.0 = Debug|Any CPU
		{BD89C970-0E98-6EBF-6618-E7375C390A4A}.Release|Any CPU.ActiveCfg = Release|Any CPU
		{BD89C970-0E98-6EBF-6618-E7375C390A4A}.Release|Any CPU.Build.0 = Release|Any CPU
		{4E2A35A4-500E-DB4D-81DF-D24F40CD7BB1}.Debug|Any CPU.ActiveCfg = Debug|Any CPU
		{4E2A35A4-500E-DB4D-81DF-D24F40CD7BB1}.Debug|Any CPU.Build.0 = Debug|Any CPU
		{4E2A35A4-500E-DB4D-81DF-D24F40CD7BB1}.Release|Any CPU.ActiveCfg = Release|Any CPU
		{4E2A35A4-500E-DB4D-81DF-D24F40CD7BB1}.Release|Any CPU.Build.0 = Release|Any CPU
		{0A7F4BB9-2B17-A901-38E1-561E6981D04F}.Debug|Any CPU.ActiveCfg = Debug|Any CPU
		{0A7F4BB9-2B17-A901-38E1-561E6981D04F}.Debug|Any CPU.Build.0 = Debug|Any CPU
		{0A7F4BB9-2B17-A901-38E1-561E6981D04F}.Release|Any CPU.ActiveCfg = Release|Any CPU
		{0A7F4BB9-2B17-A901-38E1-561E6981D04F}.Release|Any CPU.Build.0 = Release|Any CPU
		{3938D9AA-C9D3-6697-4CB9-20B445F0DD23}.Debug|Any CPU.ActiveCfg = Debug|Any CPU
		{3938D9AA-C9D3-6697-4CB9-20B445F0DD23}.Debug|Any CPU.Build.0 = Debug|Any CPU
		{3938D9AA-C9D3-6697-4CB9-20B445F0DD23}.Release|Any CPU.ActiveCfg = Release|Any CPU
		{3938D9AA-C9D3-6697-4CB9-20B445F0DD23}.Release|Any CPU.Build.0 = Release|Any CPU
		{F003B3D6-4752-5816-0EBD-4FDBD540697B}.Debug|Any CPU.ActiveCfg = Debug|Any CPU
		{F003B3D6-4752-5816-0EBD-4FDBD540697B}.Debug|Any CPU.Build.0 = Debug|Any CPU
		{F003B3D6-4752-5816-0EBD-4FDBD540697B}.Release|Any CPU.ActiveCfg = Release|Any CPU
		{F003B3D6-4752-5816-0EBD-4FDBD540697B}.Release|Any CPU.Build.0 = Release|Any CPU
		{C5F58D6C-47C2-E145-D739-7CE99601F920}.Debug|Any CPU.ActiveCfg = Debug|Any CPU
		{C5F58D6C-47C2-E145-D739-7CE99601F920}.Debug|Any CPU.Build.0 = Debug|Any CPU
		{C5F58D6C-47C2-E145-D739-7CE99601F920}.Release|Any CPU.ActiveCfg = Release|Any CPU
		{C5F58D6C-47C2-E145-D739-7CE99601F920}.Release|Any CPU.Build.0 = Release|Any CPU
		{00918659-8A0F-E55C-535A-43DB90563C10}.Debug|Any CPU.ActiveCfg = Debug|Any CPU
		{00918659-8A0F-E55C-535A-43DB90563C10}.Debug|Any CPU.Build.0 = Debug|Any CPU
		{00918659-8A0F-E55C-535A-43DB90563C10}.Release|Any CPU.ActiveCfg = Release|Any CPU
		{00918659-8A0F-E55C-535A-43DB90563C10}.Release|Any CPU.Build.0 = Release|Any CPU
		{12323D2B-12E5-84FA-8A26-7524A846067A}.Debug|Any CPU.ActiveCfg = Debug|Any CPU
		{12323D2B-12E5-84FA-8A26-7524A846067A}.Debug|Any CPU.Build.0 = Debug|Any CPU
		{12323D2B-12E5-84FA-8A26-7524A846067A}.Release|Any CPU.ActiveCfg = Release|Any CPU
		{12323D2B-12E5-84FA-8A26-7524A846067A}.Release|Any CPU.Build.0 = Release|Any CPU
		{511A38B3-1A3D-BACB-E197-7C4DF428708F}.Debug|Any CPU.ActiveCfg = Debug|Any CPU
		{511A38B3-1A3D-BACB-E197-7C4DF428708F}.Debug|Any CPU.Build.0 = Debug|Any CPU
		{511A38B3-1A3D-BACB-E197-7C4DF428708F}.Release|Any CPU.ActiveCfg = Release|Any CPU
		{511A38B3-1A3D-BACB-E197-7C4DF428708F}.Release|Any CPU.Build.0 = Release|Any CPU
		{ABEA0D06-A554-6A95-5B2E-2DC6CFBFA0E3}.Debug|Any CPU.ActiveCfg = Debug|Any CPU
		{ABEA0D06-A554-6A95-5B2E-2DC6CFBFA0E3}.Debug|Any CPU.Build.0 = Debug|Any CPU
		{ABEA0D06-A554-6A95-5B2E-2DC6CFBFA0E3}.Release|Any CPU.ActiveCfg = Release|Any CPU
		{ABEA0D06-A554-6A95-5B2E-2DC6CFBFA0E3}.Release|Any CPU.Build.0 = Release|Any CPU
		{92B04905-776A-024C-D2C2-B8D3B4C59879}.Debug|Any CPU.ActiveCfg = Debug|Any CPU
		{92B04905-776A-024C-D2C2-B8D3B4C59879}.Debug|Any CPU.Build.0 = Debug|Any CPU
		{92B04905-776A-024C-D2C2-B8D3B4C59879}.Release|Any CPU.ActiveCfg = Release|Any CPU
		{92B04905-776A-024C-D2C2-B8D3B4C59879}.Release|Any CPU.Build.0 = Release|Any CPU
		{A10C9B08-ACC3-040D-6098-8671450C89E9}.Debug|Any CPU.ActiveCfg = Debug|Any CPU
		{A10C9B08-ACC3-040D-6098-8671450C89E9}.Debug|Any CPU.Build.0 = Debug|Any CPU
		{A10C9B08-ACC3-040D-6098-8671450C89E9}.Release|Any CPU.ActiveCfg = Release|Any CPU
		{A10C9B08-ACC3-040D-6098-8671450C89E9}.Release|Any CPU.Build.0 = Release|Any CPU
		{3D041CC7-28EA-321A-DB9A-F2269B152059}.Debug|Any CPU.ActiveCfg = Debug|Any CPU
		{3D041CC7-28EA-321A-DB9A-F2269B152059}.Debug|Any CPU.Build.0 = Debug|Any CPU
		{3D041CC7-28EA-321A-DB9A-F2269B152059}.Release|Any CPU.ActiveCfg = Release|Any CPU
		{3D041CC7-28EA-321A-DB9A-F2269B152059}.Release|Any CPU.Build.0 = Release|Any CPU
		{C1D1E68D-3A0F-2749-B299-9AAF4039DD90}.Debug|Any CPU.ActiveCfg = Debug|Any CPU
		{C1D1E68D-3A0F-2749-B299-9AAF4039DD90}.Debug|Any CPU.Build.0 = Debug|Any CPU
		{C1D1E68D-3A0F-2749-B299-9AAF4039DD90}.Release|Any CPU.ActiveCfg = Release|Any CPU
		{C1D1E68D-3A0F-2749-B299-9AAF4039DD90}.Release|Any CPU.Build.0 = Release|Any CPU
		{83F03FC6-1400-99C4-38E2-98DFD3FAD9B4}.Debug|Any CPU.ActiveCfg = Debug|Any CPU
		{83F03FC6-1400-99C4-38E2-98DFD3FAD9B4}.Debug|Any CPU.Build.0 = Debug|Any CPU
		{83F03FC6-1400-99C4-38E2-98DFD3FAD9B4}.Release|Any CPU.ActiveCfg = Release|Any CPU
		{83F03FC6-1400-99C4-38E2-98DFD3FAD9B4}.Release|Any CPU.Build.0 = Release|Any CPU
		{77665322-F609-4FE6-A665-343D7FCF8A9A}.Debug|Any CPU.ActiveCfg = Debug|Any CPU
		{77665322-F609-4FE6-A665-343D7FCF8A9A}.Debug|Any CPU.Build.0 = Debug|Any CPU
		{77665322-F609-4FE6-A665-343D7FCF8A9A}.Release|Any CPU.ActiveCfg = Release|Any CPU
		{77665322-F609-4FE6-A665-343D7FCF8A9A}.Release|Any CPU.Build.0 = Release|Any CPU
		{F063C99D-1B36-C368-70F1-E594FBD7AB04}.Debug|Any CPU.ActiveCfg = Debug|Any CPU
		{F063C99D-1B36-C368-70F1-E594FBD7AB04}.Debug|Any CPU.Build.0 = Debug|Any CPU
		{F063C99D-1B36-C368-70F1-E594FBD7AB04}.Release|Any CPU.ActiveCfg = Release|Any CPU
		{F063C99D-1B36-C368-70F1-E594FBD7AB04}.Release|Any CPU.Build.0 = Release|Any CPU
		{784656DA-1F03-EAB7-1EDB-B8B0EC7B8C15}.Debug|Any CPU.ActiveCfg = Debug|Any CPU
		{784656DA-1F03-EAB7-1EDB-B8B0EC7B8C15}.Debug|Any CPU.Build.0 = Debug|Any CPU
		{784656DA-1F03-EAB7-1EDB-B8B0EC7B8C15}.Release|Any CPU.ActiveCfg = Release|Any CPU
		{784656DA-1F03-EAB7-1EDB-B8B0EC7B8C15}.Release|Any CPU.Build.0 = Release|Any CPU
		{33B985C3-7FB5-5D67-B764-8AC4CE895A81}.Debug|Any CPU.ActiveCfg = Debug|Any CPU
		{33B985C3-7FB5-5D67-B764-8AC4CE895A81}.Debug|Any CPU.Build.0 = Debug|Any CPU
		{33B985C3-7FB5-5D67-B764-8AC4CE895A81}.Release|Any CPU.ActiveCfg = Release|Any CPU
		{33B985C3-7FB5-5D67-B764-8AC4CE895A81}.Release|Any CPU.Build.0 = Release|Any CPU
		{AD6FA6EA-55FF-B11E-1628-CD80383CDD1A}.Debug|Any CPU.ActiveCfg = Debug|Any CPU
		{AD6FA6EA-55FF-B11E-1628-CD80383CDD1A}.Debug|Any CPU.Build.0 = Debug|Any CPU
		{AD6FA6EA-55FF-B11E-1628-CD80383CDD1A}.Release|Any CPU.ActiveCfg = Release|Any CPU
		{AD6FA6EA-55FF-B11E-1628-CD80383CDD1A}.Release|Any CPU.Build.0 = Release|Any CPU
		{5EAD844C-DD85-C635-F00A-4EC60A1B3514}.Debug|Any CPU.ActiveCfg = Debug|Any CPU
		{5EAD844C-DD85-C635-F00A-4EC60A1B3514}.Debug|Any CPU.Build.0 = Debug|Any CPU
		{5EAD844C-DD85-C635-F00A-4EC60A1B3514}.Release|Any CPU.ActiveCfg = Release|Any CPU
		{5EAD844C-DD85-C635-F00A-4EC60A1B3514}.Release|Any CPU.Build.0 = Release|Any CPU
		{DEDD8DFD-4D5B-CF81-F796-3E85A5300FE6}.Debug|Any CPU.ActiveCfg = Debug|Any CPU
		{DEDD8DFD-4D5B-CF81-F796-3E85A5300FE6}.Debug|Any CPU.Build.0 = Debug|Any CPU
		{DEDD8DFD-4D5B-CF81-F796-3E85A5300FE6}.Release|Any CPU.ActiveCfg = Release|Any CPU
		{DEDD8DFD-4D5B-CF81-F796-3E85A5300FE6}.Release|Any CPU.Build.0 = Release|Any CPU
		{B232F376-5EF8-0E93-EE23-086DC3EFBC88}.Debug|Any CPU.ActiveCfg = Debug|Any CPU
		{B232F376-5EF8-0E93-EE23-086DC3EFBC88}.Debug|Any CPU.Build.0 = Debug|Any CPU
		{B232F376-5EF8-0E93-EE23-086DC3EFBC88}.Release|Any CPU.ActiveCfg = Release|Any CPU
		{B232F376-5EF8-0E93-EE23-086DC3EFBC88}.Release|Any CPU.Build.0 = Release|Any CPU
		{254ADC37-E7EC-204F-FF3F-A39D09A8D38B}.Debug|Any CPU.ActiveCfg = Debug|Any CPU
		{254ADC37-E7EC-204F-FF3F-A39D09A8D38B}.Debug|Any CPU.Build.0 = Debug|Any CPU
		{254ADC37-E7EC-204F-FF3F-A39D09A8D38B}.Release|Any CPU.ActiveCfg = Release|Any CPU
		{254ADC37-E7EC-204F-FF3F-A39D09A8D38B}.Release|Any CPU.Build.0 = Release|Any CPU
		{BBDCEC80-8272-5558-B060-9497279E8AF2}.Debug|Any CPU.ActiveCfg = Debug|Any CPU
		{BBDCEC80-8272-5558-B060-9497279E8AF2}.Debug|Any CPU.Build.0 = Debug|Any CPU
		{BBDCEC80-8272-5558-B060-9497279E8AF2}.Release|Any CPU.ActiveCfg = Release|Any CPU
		{BBDCEC80-8272-5558-B060-9497279E8AF2}.Release|Any CPU.Build.0 = Release|Any CPU
		{961838E0-B432-97EC-1626-4B2932D01ED1}.Debug|Any CPU.ActiveCfg = Debug|Any CPU
		{961838E0-B432-97EC-1626-4B2932D01ED1}.Debug|Any CPU.Build.0 = Debug|Any CPU
		{961838E0-B432-97EC-1626-4B2932D01ED1}.Release|Any CPU.ActiveCfg = Release|Any CPU
		{961838E0-B432-97EC-1626-4B2932D01ED1}.Release|Any CPU.Build.0 = Release|Any CPU
		{A4ED627E-3F7F-3BB1-ACD9-2282806C4AD2}.Debug|Any CPU.ActiveCfg = Debug|Any CPU
		{A4ED627E-3F7F-3BB1-ACD9-2282806C4AD2}.Debug|Any CPU.Build.0 = Debug|Any CPU
		{A4ED627E-3F7F-3BB1-ACD9-2282806C4AD2}.Release|Any CPU.ActiveCfg = Release|Any CPU
		{A4ED627E-3F7F-3BB1-ACD9-2282806C4AD2}.Release|Any CPU.Build.0 = Release|Any CPU
		{86B5FA9C-E910-4137-9798-4366EE7C13E0}.Debug|Any CPU.ActiveCfg = Debug|Any CPU
		{86B5FA9C-E910-4137-9798-4366EE7C13E0}.Debug|Any CPU.Build.0 = Debug|Any CPU
		{86B5FA9C-E910-4137-9798-4366EE7C13E0}.Release|Any CPU.ActiveCfg = Release|Any CPU
		{86B5FA9C-E910-4137-9798-4366EE7C13E0}.Release|Any CPU.Build.0 = Release|Any CPU
		{ABA8F0A9-A305-C257-19E6-3E4DE04CC659}.Debug|Any CPU.ActiveCfg = Debug|Any CPU
		{ABA8F0A9-A305-C257-19E6-3E4DE04CC659}.Debug|Any CPU.Build.0 = Debug|Any CPU
		{ABA8F0A9-A305-C257-19E6-3E4DE04CC659}.Release|Any CPU.ActiveCfg = Release|Any CPU
		{ABA8F0A9-A305-C257-19E6-3E4DE04CC659}.Release|Any CPU.Build.0 = Release|Any CPU
		{1DC8933A-5C47-9C7A-1BCB-1C3969423D99}.Debug|Any CPU.ActiveCfg = Debug|Any CPU
		{1DC8933A-5C47-9C7A-1BCB-1C3969423D99}.Debug|Any CPU.Build.0 = Debug|Any CPU
		{1DC8933A-5C47-9C7A-1BCB-1C3969423D99}.Release|Any CPU.ActiveCfg = Release|Any CPU
		{1DC8933A-5C47-9C7A-1BCB-1C3969423D99}.Release|Any CPU.Build.0 = Release|Any CPU
		{0BC37024-AE47-33AF-AA53-7E0BDE7B5179}.Debug|Any CPU.ActiveCfg = Debug|Any CPU
		{0BC37024-AE47-33AF-AA53-7E0BDE7B5179}.Debug|Any CPU.Build.0 = Debug|Any CPU
		{0BC37024-AE47-33AF-AA53-7E0BDE7B5179}.Release|Any CPU.ActiveCfg = Release|Any CPU
		{0BC37024-AE47-33AF-AA53-7E0BDE7B5179}.Release|Any CPU.Build.0 = Release|Any CPU
		{7F0B8B80-8EDE-0E72-30A2-194441672FFA}.Debug|Any CPU.ActiveCfg = Debug|Any CPU
		{7F0B8B80-8EDE-0E72-30A2-194441672FFA}.Debug|Any CPU.Build.0 = Debug|Any CPU
		{7F0B8B80-8EDE-0E72-30A2-194441672FFA}.Release|Any CPU.ActiveCfg = Release|Any CPU
		{7F0B8B80-8EDE-0E72-30A2-194441672FFA}.Release|Any CPU.Build.0 = Release|Any CPU
		{5E7757B8-A14C-49E1-C399-A605958FE2F4}.Debug|Any CPU.ActiveCfg = Debug|Any CPU
		{5E7757B8-A14C-49E1-C399-A605958FE2F4}.Debug|Any CPU.Build.0 = Debug|Any CPU
		{5E7757B8-A14C-49E1-C399-A605958FE2F4}.Release|Any CPU.ActiveCfg = Release|Any CPU
		{5E7757B8-A14C-49E1-C399-A605958FE2F4}.Release|Any CPU.Build.0 = Release|Any CPU
		{9C26A033-9B9C-878D-CA5A-7223C1239E10}.Debug|Any CPU.ActiveCfg = Debug|Any CPU
		{9C26A033-9B9C-878D-CA5A-7223C1239E10}.Debug|Any CPU.Build.0 = Debug|Any CPU
		{9C26A033-9B9C-878D-CA5A-7223C1239E10}.Release|Any CPU.ActiveCfg = Release|Any CPU
		{9C26A033-9B9C-878D-CA5A-7223C1239E10}.Release|Any CPU.Build.0 = Release|Any CPU
		{3604FE17-3765-9375-4AD3-BC10D9B5EBFE}.Debug|Any CPU.ActiveCfg = Debug|Any CPU
		{3604FE17-3765-9375-4AD3-BC10D9B5EBFE}.Debug|Any CPU.Build.0 = Debug|Any CPU
		{3604FE17-3765-9375-4AD3-BC10D9B5EBFE}.Release|Any CPU.ActiveCfg = Release|Any CPU
		{3604FE17-3765-9375-4AD3-BC10D9B5EBFE}.Release|Any CPU.Build.0 = Release|Any CPU
		{93C7591F-21A3-95C8-83FA-1DCA7D6C0624}.Debug|Any CPU.ActiveCfg = Debug|Any CPU
		{93C7591F-21A3-95C8-83FA-1DCA7D6C0624}.Debug|Any CPU.Build.0 = Debug|Any CPU
		{93C7591F-21A3-95C8-83FA-1DCA7D6C0624}.Release|Any CPU.ActiveCfg = Release|Any CPU
		{93C7591F-21A3-95C8-83FA-1DCA7D6C0624}.Release|Any CPU.Build.0 = Release|Any CPU
		{559EAE18-730A-2210-B77D-54A76BF83A96}.Debug|Any CPU.ActiveCfg = Debug|Any CPU
		{559EAE18-730A-2210-B77D-54A76BF83A96}.Debug|Any CPU.Build.0 = Debug|Any CPU
		{559EAE18-730A-2210-B77D-54A76BF83A96}.Release|Any CPU.ActiveCfg = Release|Any CPU
		{559EAE18-730A-2210-B77D-54A76BF83A96}.Release|Any CPU.Build.0 = Release|Any CPU
		{33C90DAD-5D21-38DA-2FFC-D17470944A7C}.Debug|Any CPU.ActiveCfg = Debug|Any CPU
		{33C90DAD-5D21-38DA-2FFC-D17470944A7C}.Debug|Any CPU.Build.0 = Debug|Any CPU
		{33C90DAD-5D21-38DA-2FFC-D17470944A7C}.Release|Any CPU.ActiveCfg = Release|Any CPU
		{33C90DAD-5D21-38DA-2FFC-D17470944A7C}.Release|Any CPU.Build.0 = Release|Any CPU
		{D53267F8-3B7D-B700-F225-9B744EC5115E}.Debug|Any CPU.ActiveCfg = Debug|Any CPU
		{D53267F8-3B7D-B700-F225-9B744EC5115E}.Debug|Any CPU.Build.0 = Debug|Any CPU
		{D53267F8-3B7D-B700-F225-9B744EC5115E}.Release|Any CPU.ActiveCfg = Release|Any CPU
		{D53267F8-3B7D-B700-F225-9B744EC5115E}.Release|Any CPU.Build.0 = Release|Any CPU
		{ADD44226-B715-35B1-BDE5-AAD735F23CEF}.Debug|Any CPU.ActiveCfg = Debug|Any CPU
		{ADD44226-B715-35B1-BDE5-AAD735F23CEF}.Debug|Any CPU.Build.0 = Debug|Any CPU
		{ADD44226-B715-35B1-BDE5-AAD735F23CEF}.Release|Any CPU.ActiveCfg = Release|Any CPU
		{ADD44226-B715-35B1-BDE5-AAD735F23CEF}.Release|Any CPU.Build.0 = Release|Any CPU
		{081E7FF7-940D-3AB3-E936-679A76DBDB85}.Debug|Any CPU.ActiveCfg = Debug|Any CPU
		{081E7FF7-940D-3AB3-E936-679A76DBDB85}.Debug|Any CPU.Build.0 = Debug|Any CPU
		{081E7FF7-940D-3AB3-E936-679A76DBDB85}.Release|Any CPU.ActiveCfg = Release|Any CPU
		{081E7FF7-940D-3AB3-E936-679A76DBDB85}.Release|Any CPU.Build.0 = Release|Any CPU
		{23637EF1-1A71-19FC-F7D2-9F296C0CF930}.Debug|Any CPU.ActiveCfg = Debug|Any CPU
		{23637EF1-1A71-19FC-F7D2-9F296C0CF930}.Debug|Any CPU.Build.0 = Debug|Any CPU
		{23637EF1-1A71-19FC-F7D2-9F296C0CF930}.Release|Any CPU.ActiveCfg = Release|Any CPU
		{23637EF1-1A71-19FC-F7D2-9F296C0CF930}.Release|Any CPU.Build.0 = Release|Any CPU
		{94AC3968-2A69-B6A4-CE53-F63C495B7487}.Debug|Any CPU.ActiveCfg = Debug|Any CPU
		{94AC3968-2A69-B6A4-CE53-F63C495B7487}.Debug|Any CPU.Build.0 = Debug|Any CPU
		{94AC3968-2A69-B6A4-CE53-F63C495B7487}.Release|Any CPU.ActiveCfg = Release|Any CPU
		{94AC3968-2A69-B6A4-CE53-F63C495B7487}.Release|Any CPU.Build.0 = Release|Any CPU
		{5703330D-913F-5A37-2CBB-BC3AEA6F6CAE}.Debug|Any CPU.ActiveCfg = Debug|Any CPU
		{5703330D-913F-5A37-2CBB-BC3AEA6F6CAE}.Debug|Any CPU.Build.0 = Debug|Any CPU
		{5703330D-913F-5A37-2CBB-BC3AEA6F6CAE}.Release|Any CPU.ActiveCfg = Release|Any CPU
		{5703330D-913F-5A37-2CBB-BC3AEA6F6CAE}.Release|Any CPU.Build.0 = Release|Any CPU
		{2F12741E-BE29-969A-3C5D-BC07EE5C81E6}.Debug|Any CPU.ActiveCfg = Debug|Any CPU
		{2F12741E-BE29-969A-3C5D-BC07EE5C81E6}.Debug|Any CPU.Build.0 = Debug|Any CPU
		{2F12741E-BE29-969A-3C5D-BC07EE5C81E6}.Release|Any CPU.ActiveCfg = Release|Any CPU
		{2F12741E-BE29-969A-3C5D-BC07EE5C81E6}.Release|Any CPU.Build.0 = Release|Any CPU
		{07814C67-AF7B-160F-8974-B52EC64CAE25}.Debug|Any CPU.ActiveCfg = Debug|Any CPU
		{07814C67-AF7B-160F-8974-B52EC64CAE25}.Debug|Any CPU.Build.0 = Debug|Any CPU
		{07814C67-AF7B-160F-8974-B52EC64CAE25}.Release|Any CPU.ActiveCfg = Release|Any CPU
		{07814C67-AF7B-160F-8974-B52EC64CAE25}.Release|Any CPU.Build.0 = Release|Any CPU
		{89225CE8-23AC-6319-D74A-D03FAA6E60D6}.Debug|Any CPU.ActiveCfg = Debug|Any CPU
		{89225CE8-23AC-6319-D74A-D03FAA6E60D6}.Debug|Any CPU.Build.0 = Debug|Any CPU
		{89225CE8-23AC-6319-D74A-D03FAA6E60D6}.Release|Any CPU.ActiveCfg = Release|Any CPU
		{89225CE8-23AC-6319-D74A-D03FAA6E60D6}.Release|Any CPU.Build.0 = Release|Any CPU
		{1B300D2C-94D6-15CC-4E5A-7D5F2F7C06D2}.Debug|Any CPU.ActiveCfg = Debug|Any CPU
		{1B300D2C-94D6-15CC-4E5A-7D5F2F7C06D2}.Debug|Any CPU.Build.0 = Debug|Any CPU
		{1B300D2C-94D6-15CC-4E5A-7D5F2F7C06D2}.Release|Any CPU.ActiveCfg = Release|Any CPU
		{1B300D2C-94D6-15CC-4E5A-7D5F2F7C06D2}.Release|Any CPU.Build.0 = Release|Any CPU
		{9B01683C-3275-09B9-589F-A282AD80CE07}.Debug|Any CPU.ActiveCfg = Debug|Any CPU
		{9B01683C-3275-09B9-589F-A282AD80CE07}.Debug|Any CPU.Build.0 = Debug|Any CPU
		{9B01683C-3275-09B9-589F-A282AD80CE07}.Release|Any CPU.ActiveCfg = Release|Any CPU
		{9B01683C-3275-09B9-589F-A282AD80CE07}.Release|Any CPU.Build.0 = Release|Any CPU
		{3413428F-3D3E-60AD-C0C0-70D73476DC01}.Debug|Any CPU.ActiveCfg = Debug|Any CPU
		{3413428F-3D3E-60AD-C0C0-70D73476DC01}.Debug|Any CPU.Build.0 = Debug|Any CPU
		{3413428F-3D3E-60AD-C0C0-70D73476DC01}.Release|Any CPU.ActiveCfg = Release|Any CPU
		{3413428F-3D3E-60AD-C0C0-70D73476DC01}.Release|Any CPU.Build.0 = Release|Any CPU
		{14CC8B32-FC68-CCF1-EC00-3F5B76804027}.Debug|Any CPU.ActiveCfg = Debug|Any CPU
		{14CC8B32-FC68-CCF1-EC00-3F5B76804027}.Debug|Any CPU.Build.0 = Debug|Any CPU
		{14CC8B32-FC68-CCF1-EC00-3F5B76804027}.Release|Any CPU.ActiveCfg = Release|Any CPU
		{14CC8B32-FC68-CCF1-EC00-3F5B76804027}.Release|Any CPU.Build.0 = Release|Any CPU
		{F7563B0E-36F3-A9CE-2230-BE118DEEC59F}.Debug|Any CPU.ActiveCfg = Debug|Any CPU
		{F7563B0E-36F3-A9CE-2230-BE118DEEC59F}.Debug|Any CPU.Build.0 = Debug|Any CPU
		{F7563B0E-36F3-A9CE-2230-BE118DEEC59F}.Release|Any CPU.ActiveCfg = Release|Any CPU
		{F7563B0E-36F3-A9CE-2230-BE118DEEC59F}.Release|Any CPU.Build.0 = Release|Any CPU
		{8027CAC4-ED9B-748B-82A2-417D55B2BDE7}.Debug|Any CPU.ActiveCfg = Debug|Any CPU
		{8027CAC4-ED9B-748B-82A2-417D55B2BDE7}.Debug|Any CPU.Build.0 = Debug|Any CPU
		{8027CAC4-ED9B-748B-82A2-417D55B2BDE7}.Release|Any CPU.ActiveCfg = Release|Any CPU
		{8027CAC4-ED9B-748B-82A2-417D55B2BDE7}.Release|Any CPU.Build.0 = Release|Any CPU
		{BB8BA6C4-69F0-699A-6F5C-E1EA751CB935}.Debug|Any CPU.ActiveCfg = Debug|Any CPU
		{BB8BA6C4-69F0-699A-6F5C-E1EA751CB935}.Debug|Any CPU.Build.0 = Debug|Any CPU
		{BB8BA6C4-69F0-699A-6F5C-E1EA751CB935}.Release|Any CPU.ActiveCfg = Release|Any CPU
		{BB8BA6C4-69F0-699A-6F5C-E1EA751CB935}.Release|Any CPU.Build.0 = Release|Any CPU
		{E51D0C36-59AB-BE44-C3E2-767A1554A7AC}.Debug|Any CPU.ActiveCfg = Debug|Any CPU
		{E51D0C36-59AB-BE44-C3E2-767A1554A7AC}.Debug|Any CPU.Build.0 = Debug|Any CPU
		{E51D0C36-59AB-BE44-C3E2-767A1554A7AC}.Release|Any CPU.ActiveCfg = Release|Any CPU
		{E51D0C36-59AB-BE44-C3E2-767A1554A7AC}.Release|Any CPU.Build.0 = Release|Any CPU
		{DA572375-CD00-7656-EBAB-4EFC05BF9499}.Debug|Any CPU.ActiveCfg = Debug|Any CPU
		{DA572375-CD00-7656-EBAB-4EFC05BF9499}.Debug|Any CPU.Build.0 = Debug|Any CPU
		{DA572375-CD00-7656-EBAB-4EFC05BF9499}.Release|Any CPU.ActiveCfg = Release|Any CPU
		{DA572375-CD00-7656-EBAB-4EFC05BF9499}.Release|Any CPU.Build.0 = Release|Any CPU
		{355317C4-29E5-E146-2E06-C454088ACB47}.Debug|Any CPU.ActiveCfg = Debug|Any CPU
		{355317C4-29E5-E146-2E06-C454088ACB47}.Debug|Any CPU.Build.0 = Debug|Any CPU
		{355317C4-29E5-E146-2E06-C454088ACB47}.Release|Any CPU.ActiveCfg = Release|Any CPU
		{355317C4-29E5-E146-2E06-C454088ACB47}.Release|Any CPU.Build.0 = Release|Any CPU
		{F5049756-D759-A79F-FE31-0B011CA9F117}.Debug|Any CPU.ActiveCfg = Debug|Any CPU
		{F5049756-D759-A79F-FE31-0B011CA9F117}.Debug|Any CPU.Build.0 = Debug|Any CPU
		{F5049756-D759-A79F-FE31-0B011CA9F117}.Release|Any CPU.ActiveCfg = Release|Any CPU
		{F5049756-D759-A79F-FE31-0B011CA9F117}.Release|Any CPU.Build.0 = Release|Any CPU
		{0C7BE3DF-1AF8-5EBB-0C47-C982AAE54491}.Debug|Any CPU.ActiveCfg = Debug|Any CPU
		{0C7BE3DF-1AF8-5EBB-0C47-C982AAE54491}.Debug|Any CPU.Build.0 = Debug|Any CPU
		{0C7BE3DF-1AF8-5EBB-0C47-C982AAE54491}.Release|Any CPU.ActiveCfg = Release|Any CPU
		{0C7BE3DF-1AF8-5EBB-0C47-C982AAE54491}.Release|Any CPU.Build.0 = Release|Any CPU
		{7CAE3283-094E-CCD8-5CAA-61ADC166CCF4}.Debug|Any CPU.ActiveCfg = Debug|Any CPU
		{7CAE3283-094E-CCD8-5CAA-61ADC166CCF4}.Debug|Any CPU.Build.0 = Debug|Any CPU
		{7CAE3283-094E-CCD8-5CAA-61ADC166CCF4}.Release|Any CPU.ActiveCfg = Release|Any CPU
		{7CAE3283-094E-CCD8-5CAA-61ADC166CCF4}.Release|Any CPU.Build.0 = Release|Any CPU
		{762FBEC3-8193-EBBF-83E0-5BDFA9472887}.Debug|Any CPU.ActiveCfg = Debug|Any CPU
		{762FBEC3-8193-EBBF-83E0-5BDFA9472887}.Debug|Any CPU.Build.0 = Debug|Any CPU
		{762FBEC3-8193-EBBF-83E0-5BDFA9472887}.Release|Any CPU.ActiveCfg = Release|Any CPU
		{762FBEC3-8193-EBBF-83E0-5BDFA9472887}.Release|Any CPU.Build.0 = Release|Any CPU
		{0DFA2001-2076-82A9-8B82-BF180A3A974D}.Debug|Any CPU.ActiveCfg = Debug|Any CPU
		{0DFA2001-2076-82A9-8B82-BF180A3A974D}.Debug|Any CPU.Build.0 = Debug|Any CPU
		{0DFA2001-2076-82A9-8B82-BF180A3A974D}.Release|Any CPU.ActiveCfg = Release|Any CPU
		{0DFA2001-2076-82A9-8B82-BF180A3A974D}.Release|Any CPU.Build.0 = Release|Any CPU
		{103D741A-8AA6-0E07-6E66-DA34F9063E35}.Debug|Any CPU.ActiveCfg = Debug|Any CPU
		{103D741A-8AA6-0E07-6E66-DA34F9063E35}.Debug|Any CPU.Build.0 = Debug|Any CPU
		{103D741A-8AA6-0E07-6E66-DA34F9063E35}.Release|Any CPU.ActiveCfg = Release|Any CPU
		{103D741A-8AA6-0E07-6E66-DA34F9063E35}.Release|Any CPU.Build.0 = Release|Any CPU
		{79F51745-DCC1-ECF4-7A79-F46AE1A4CEC3}.Debug|Any CPU.ActiveCfg = Debug|Any CPU
		{79F51745-DCC1-ECF4-7A79-F46AE1A4CEC3}.Debug|Any CPU.Build.0 = Debug|Any CPU
		{79F51745-DCC1-ECF4-7A79-F46AE1A4CEC3}.Release|Any CPU.ActiveCfg = Release|Any CPU
		{79F51745-DCC1-ECF4-7A79-F46AE1A4CEC3}.Release|Any CPU.Build.0 = Release|Any CPU
		{952AF79C-AE44-0145-FF42-72ADB498E04C}.Debug|Any CPU.ActiveCfg = Debug|Any CPU
		{952AF79C-AE44-0145-FF42-72ADB498E04C}.Debug|Any CPU.Build.0 = Debug|Any CPU
		{952AF79C-AE44-0145-FF42-72ADB498E04C}.Release|Any CPU.ActiveCfg = Release|Any CPU
		{952AF79C-AE44-0145-FF42-72ADB498E04C}.Release|Any CPU.Build.0 = Release|Any CPU
		{FAAB8B42-F891-9290-E27A-4A85DF1059C4}.Debug|Any CPU.ActiveCfg = Debug|Any CPU
		{FAAB8B42-F891-9290-E27A-4A85DF1059C4}.Debug|Any CPU.Build.0 = Debug|Any CPU
		{FAAB8B42-F891-9290-E27A-4A85DF1059C4}.Release|Any CPU.ActiveCfg = Release|Any CPU
		{FAAB8B42-F891-9290-E27A-4A85DF1059C4}.Release|Any CPU.Build.0 = Release|Any CPU
		{16E89C03-1EDB-40EB-A238-F99AF5B2F614}.Debug|Any CPU.ActiveCfg = Debug|Any CPU
		{16E89C03-1EDB-40EB-A238-F99AF5B2F614}.Debug|Any CPU.Build.0 = Debug|Any CPU
		{16E89C03-1EDB-40EB-A238-F99AF5B2F614}.Release|Any CPU.ActiveCfg = Release|Any CPU
		{16E89C03-1EDB-40EB-A238-F99AF5B2F614}.Release|Any CPU.Build.0 = Release|Any CPU
		{A7B3176F-BF48-897A-9928-B72723096C2C}.Debug|Any CPU.ActiveCfg = Debug|Any CPU
		{A7B3176F-BF48-897A-9928-B72723096C2C}.Debug|Any CPU.Build.0 = Debug|Any CPU
		{A7B3176F-BF48-897A-9928-B72723096C2C}.Release|Any CPU.ActiveCfg = Release|Any CPU
		{A7B3176F-BF48-897A-9928-B72723096C2C}.Release|Any CPU.Build.0 = Release|Any CPU
		{0970149B-925D-5ADC-52EB-549043774854}.Debug|Any CPU.ActiveCfg = Debug|Any CPU
		{0970149B-925D-5ADC-52EB-549043774854}.Debug|Any CPU.Build.0 = Debug|Any CPU
		{0970149B-925D-5ADC-52EB-549043774854}.Release|Any CPU.ActiveCfg = Release|Any CPU
		{0970149B-925D-5ADC-52EB-549043774854}.Release|Any CPU.Build.0 = Release|Any CPU
		{415FB817-105E-AA58-DD95-CC2188078450}.Debug|Any CPU.ActiveCfg = Debug|Any CPU
		{415FB817-105E-AA58-DD95-CC2188078450}.Debug|Any CPU.Build.0 = Debug|Any CPU
		{415FB817-105E-AA58-DD95-CC2188078450}.Release|Any CPU.ActiveCfg = Release|Any CPU
		{415FB817-105E-AA58-DD95-CC2188078450}.Release|Any CPU.Build.0 = Release|Any CPU
		{9F8DD269-0D05-7F60-FE0B-C1804D5D6728}.Debug|Any CPU.ActiveCfg = Debug|Any CPU
		{9F8DD269-0D05-7F60-FE0B-C1804D5D6728}.Debug|Any CPU.Build.0 = Debug|Any CPU
		{9F8DD269-0D05-7F60-FE0B-C1804D5D6728}.Release|Any CPU.ActiveCfg = Release|Any CPU
		{9F8DD269-0D05-7F60-FE0B-C1804D5D6728}.Release|Any CPU.Build.0 = Release|Any CPU
		{CF7179C5-7382-3257-0867-0EAC18E1C223}.Debug|Any CPU.ActiveCfg = Debug|Any CPU
		{CF7179C5-7382-3257-0867-0EAC18E1C223}.Debug|Any CPU.Build.0 = Debug|Any CPU
		{CF7179C5-7382-3257-0867-0EAC18E1C223}.Release|Any CPU.ActiveCfg = Release|Any CPU
		{CF7179C5-7382-3257-0867-0EAC18E1C223}.Release|Any CPU.Build.0 = Release|Any CPU
		{27B97A8F-0775-B5F7-F3E7-C75112C20158}.Debug|Any CPU.ActiveCfg = Debug|Any CPU
		{27B97A8F-0775-B5F7-F3E7-C75112C20158}.Debug|Any CPU.Build.0 = Debug|Any CPU
		{27B97A8F-0775-B5F7-F3E7-C75112C20158}.Release|Any CPU.ActiveCfg = Release|Any CPU
		{27B97A8F-0775-B5F7-F3E7-C75112C20158}.Release|Any CPU.Build.0 = Release|Any CPU
		{8778D720-A31C-ADED-3715-ED177C662A13}.Debug|Any CPU.ActiveCfg = Debug|Any CPU
		{8778D720-A31C-ADED-3715-ED177C662A13}.Debug|Any CPU.Build.0 = Debug|Any CPU
		{8778D720-A31C-ADED-3715-ED177C662A13}.Release|Any CPU.ActiveCfg = Release|Any CPU
		{8778D720-A31C-ADED-3715-ED177C662A13}.Release|Any CPU.Build.0 = Release|Any CPU
		{020A03B2-3A6A-290E-0023-8E2C9ABC8890}.Debug|Any CPU.ActiveCfg = Debug|Any CPU
		{020A03B2-3A6A-290E-0023-8E2C9ABC8890}.Debug|Any CPU.Build.0 = Debug|Any CPU
		{020A03B2-3A6A-290E-0023-8E2C9ABC8890}.Release|Any CPU.ActiveCfg = Release|Any CPU
		{020A03B2-3A6A-290E-0023-8E2C9ABC8890}.Release|Any CPU.Build.0 = Release|Any CPU
		{07920AAC-F196-E002-891C-2B3E54E8C3E1}.Debug|Any CPU.ActiveCfg = Debug|Any CPU
		{07920AAC-F196-E002-891C-2B3E54E8C3E1}.Debug|Any CPU.Build.0 = Debug|Any CPU
		{07920AAC-F196-E002-891C-2B3E54E8C3E1}.Release|Any CPU.ActiveCfg = Release|Any CPU
		{07920AAC-F196-E002-891C-2B3E54E8C3E1}.Release|Any CPU.Build.0 = Release|Any CPU
		{2970589C-758A-41B9-0782-A4FE0FE137E6}.Debug|Any CPU.ActiveCfg = Debug|Any CPU
		{2970589C-758A-41B9-0782-A4FE0FE137E6}.Debug|Any CPU.Build.0 = Debug|Any CPU
		{2970589C-758A-41B9-0782-A4FE0FE137E6}.Release|Any CPU.ActiveCfg = Release|Any CPU
		{2970589C-758A-41B9-0782-A4FE0FE137E6}.Release|Any CPU.Build.0 = Release|Any CPU
		{73029217-A712-B953-3AED-5B8BF2929ABE}.Debug|Any CPU.ActiveCfg = Debug|Any CPU
		{73029217-A712-B953-3AED-5B8BF2929ABE}.Debug|Any CPU.Build.0 = Debug|Any CPU
		{73029217-A712-B953-3AED-5B8BF2929ABE}.Release|Any CPU.ActiveCfg = Release|Any CPU
		{73029217-A712-B953-3AED-5B8BF2929ABE}.Release|Any CPU.Build.0 = Release|Any CPU
		{31800E49-0F37-BE27-21D1-B3CC8ED69A00}.Debug|Any CPU.ActiveCfg = Debug|Any CPU
		{31800E49-0F37-BE27-21D1-B3CC8ED69A00}.Debug|Any CPU.Build.0 = Debug|Any CPU
		{31800E49-0F37-BE27-21D1-B3CC8ED69A00}.Release|Any CPU.ActiveCfg = Release|Any CPU
		{31800E49-0F37-BE27-21D1-B3CC8ED69A00}.Release|Any CPU.Build.0 = Release|Any CPU
		{BFF064E1-A3F7-9E7E-3C05-01EDEBD264C0}.Debug|Any CPU.ActiveCfg = Debug|Any CPU
		{BFF064E1-A3F7-9E7E-3C05-01EDEBD264C0}.Debug|Any CPU.Build.0 = Debug|Any CPU
		{BFF064E1-A3F7-9E7E-3C05-01EDEBD264C0}.Release|Any CPU.ActiveCfg = Release|Any CPU
		{BFF064E1-A3F7-9E7E-3C05-01EDEBD264C0}.Release|Any CPU.Build.0 = Release|Any CPU
		{792AA12C-9533-547F-5460-2851644E926C}.Debug|Any CPU.ActiveCfg = Debug|Any CPU
		{792AA12C-9533-547F-5460-2851644E926C}.Debug|Any CPU.Build.0 = Debug|Any CPU
		{792AA12C-9533-547F-5460-2851644E926C}.Release|Any CPU.ActiveCfg = Release|Any CPU
		{792AA12C-9533-547F-5460-2851644E926C}.Release|Any CPU.Build.0 = Release|Any CPU
		{6A3880B8-454D-26B6-17CB-DF66BC8FDA69}.Debug|Any CPU.ActiveCfg = Debug|Any CPU
		{6A3880B8-454D-26B6-17CB-DF66BC8FDA69}.Debug|Any CPU.Build.0 = Debug|Any CPU
		{6A3880B8-454D-26B6-17CB-DF66BC8FDA69}.Release|Any CPU.ActiveCfg = Release|Any CPU
		{6A3880B8-454D-26B6-17CB-DF66BC8FDA69}.Release|Any CPU.Build.0 = Release|Any CPU
		{F4F41B5E-493C-DE49-562E-EA9EA52E9FA2}.Debug|Any CPU.ActiveCfg = Debug|Any CPU
		{F4F41B5E-493C-DE49-562E-EA9EA52E9FA2}.Debug|Any CPU.Build.0 = Debug|Any CPU
		{F4F41B5E-493C-DE49-562E-EA9EA52E9FA2}.Release|Any CPU.ActiveCfg = Release|Any CPU
		{F4F41B5E-493C-DE49-562E-EA9EA52E9FA2}.Release|Any CPU.Build.0 = Release|Any CPU
		{583D3297-D30E-B648-34E7-111124840B95}.Debug|Any CPU.ActiveCfg = Debug|Any CPU
		{583D3297-D30E-B648-34E7-111124840B95}.Debug|Any CPU.Build.0 = Debug|Any CPU
		{583D3297-D30E-B648-34E7-111124840B95}.Release|Any CPU.ActiveCfg = Release|Any CPU
		{583D3297-D30E-B648-34E7-111124840B95}.Release|Any CPU.Build.0 = Release|Any CPU
		{962B1B45-58D2-F95C-6E9A-FFD7AD520408}.Debug|Any CPU.ActiveCfg = Debug|Any CPU
		{962B1B45-58D2-F95C-6E9A-FFD7AD520408}.Debug|Any CPU.Build.0 = Debug|Any CPU
		{962B1B45-58D2-F95C-6E9A-FFD7AD520408}.Release|Any CPU.ActiveCfg = Release|Any CPU
		{962B1B45-58D2-F95C-6E9A-FFD7AD520408}.Release|Any CPU.Build.0 = Release|Any CPU
		{FF4E9D26-799F-7F55-4F77-4CE7F15CB6FF}.Debug|Any CPU.ActiveCfg = Debug|Any CPU
		{FF4E9D26-799F-7F55-4F77-4CE7F15CB6FF}.Debug|Any CPU.Build.0 = Debug|Any CPU
		{FF4E9D26-799F-7F55-4F77-4CE7F15CB6FF}.Release|Any CPU.ActiveCfg = Release|Any CPU
		{FF4E9D26-799F-7F55-4F77-4CE7F15CB6FF}.Release|Any CPU.Build.0 = Release|Any CPU
		{EFAEE9B9-23E6-4E52-9A0B-DCC63AE355EC}.Debug|Any CPU.ActiveCfg = Debug|Any CPU
		{EFAEE9B9-23E6-4E52-9A0B-DCC63AE355EC}.Debug|Any CPU.Build.0 = Debug|Any CPU
		{EFAEE9B9-23E6-4E52-9A0B-DCC63AE355EC}.Release|Any CPU.ActiveCfg = Release|Any CPU
		{EFAEE9B9-23E6-4E52-9A0B-DCC63AE355EC}.Release|Any CPU.Build.0 = Release|Any CPU
		{D470565A-CC3C-82D6-828D-97704A18A7F0}.Debug|Any CPU.ActiveCfg = Debug|Any CPU
		{D470565A-CC3C-82D6-828D-97704A18A7F0}.Debug|Any CPU.Build.0 = Debug|Any CPU
		{D470565A-CC3C-82D6-828D-97704A18A7F0}.Release|Any CPU.ActiveCfg = Release|Any CPU
		{D470565A-CC3C-82D6-828D-97704A18A7F0}.Release|Any CPU.Build.0 = Release|Any CPU
		{B4106C64-7452-1A09-49F8-F438664E3F64}.Debug|Any CPU.ActiveCfg = Debug|Any CPU
		{B4106C64-7452-1A09-49F8-F438664E3F64}.Debug|Any CPU.Build.0 = Debug|Any CPU
		{B4106C64-7452-1A09-49F8-F438664E3F64}.Release|Any CPU.ActiveCfg = Release|Any CPU
		{B4106C64-7452-1A09-49F8-F438664E3F64}.Release|Any CPU.Build.0 = Release|Any CPU
		{79BB82B5-4267-8FD3-FA5F-9BB14E9C67AA}.Debug|Any CPU.ActiveCfg = Debug|Any CPU
		{79BB82B5-4267-8FD3-FA5F-9BB14E9C67AA}.Debug|Any CPU.Build.0 = Debug|Any CPU
		{79BB82B5-4267-8FD3-FA5F-9BB14E9C67AA}.Release|Any CPU.ActiveCfg = Release|Any CPU
		{79BB82B5-4267-8FD3-FA5F-9BB14E9C67AA}.Release|Any CPU.Build.0 = Release|Any CPU
		{4661A131-FDC1-DC5F-C437-D09B773F98BB}.Debug|Any CPU.ActiveCfg = Debug|Any CPU
		{4661A131-FDC1-DC5F-C437-D09B773F98BB}.Debug|Any CPU.Build.0 = Debug|Any CPU
		{4661A131-FDC1-DC5F-C437-D09B773F98BB}.Release|Any CPU.ActiveCfg = Release|Any CPU
		{4661A131-FDC1-DC5F-C437-D09B773F98BB}.Release|Any CPU.Build.0 = Release|Any CPU
		{C8B446C9-0DE6-8FBF-DE22-C09F8FB27760}.Debug|Any CPU.ActiveCfg = Debug|Any CPU
		{C8B446C9-0DE6-8FBF-DE22-C09F8FB27760}.Debug|Any CPU.Build.0 = Debug|Any CPU
		{C8B446C9-0DE6-8FBF-DE22-C09F8FB27760}.Release|Any CPU.ActiveCfg = Release|Any CPU
		{C8B446C9-0DE6-8FBF-DE22-C09F8FB27760}.Release|Any CPU.Build.0 = Release|Any CPU
		{A3B3FF3A-9605-A225-4822-04D861E1CBD9}.Debug|Any CPU.ActiveCfg = Debug|Any CPU
		{A3B3FF3A-9605-A225-4822-04D861E1CBD9}.Debug|Any CPU.Build.0 = Debug|Any CPU
		{A3B3FF3A-9605-A225-4822-04D861E1CBD9}.Release|Any CPU.ActiveCfg = Release|Any CPU
		{A3B3FF3A-9605-A225-4822-04D861E1CBD9}.Release|Any CPU.Build.0 = Release|Any CPU
		{4A07EBE4-EC47-4745-6D7C-14D4AFFC654E}.Debug|Any CPU.ActiveCfg = Debug|Any CPU
		{4A07EBE4-EC47-4745-6D7C-14D4AFFC654E}.Debug|Any CPU.Build.0 = Debug|Any CPU
		{4A07EBE4-EC47-4745-6D7C-14D4AFFC654E}.Release|Any CPU.ActiveCfg = Release|Any CPU
		{4A07EBE4-EC47-4745-6D7C-14D4AFFC654E}.Release|Any CPU.Build.0 = Release|Any CPU
		{96CEA096-BAF2-867D-451E-6F981BBB3846}.Debug|Any CPU.ActiveCfg = Debug|Any CPU
		{96CEA096-BAF2-867D-451E-6F981BBB3846}.Debug|Any CPU.Build.0 = Debug|Any CPU
		{96CEA096-BAF2-867D-451E-6F981BBB3846}.Release|Any CPU.ActiveCfg = Release|Any CPU
		{96CEA096-BAF2-867D-451E-6F981BBB3846}.Release|Any CPU.Build.0 = Release|Any CPU
		{B3CFD9D1-BAAF-0F72-6C12-09B8E9B03D49}.Debug|Any CPU.ActiveCfg = Debug|Any CPU
		{B3CFD9D1-BAAF-0F72-6C12-09B8E9B03D49}.Debug|Any CPU.Build.0 = Debug|Any CPU
		{B3CFD9D1-BAAF-0F72-6C12-09B8E9B03D49}.Release|Any CPU.ActiveCfg = Release|Any CPU
		{B3CFD9D1-BAAF-0F72-6C12-09B8E9B03D49}.Release|Any CPU.Build.0 = Release|Any CPU
		{64939F09-D396-3AD9-BBB4-E1BDD0E0193F}.Debug|Any CPU.ActiveCfg = Debug|Any CPU
		{64939F09-D396-3AD9-BBB4-E1BDD0E0193F}.Debug|Any CPU.Build.0 = Debug|Any CPU
		{64939F09-D396-3AD9-BBB4-E1BDD0E0193F}.Release|Any CPU.ActiveCfg = Release|Any CPU
		{64939F09-D396-3AD9-BBB4-E1BDD0E0193F}.Release|Any CPU.Build.0 = Release|Any CPU
		{888AD1EE-4E69-A89C-35B6-A16878B932AC}.Debug|Any CPU.ActiveCfg = Debug|Any CPU
		{888AD1EE-4E69-A89C-35B6-A16878B932AC}.Debug|Any CPU.Build.0 = Debug|Any CPU
		{888AD1EE-4E69-A89C-35B6-A16878B932AC}.Release|Any CPU.ActiveCfg = Release|Any CPU
		{888AD1EE-4E69-A89C-35B6-A16878B932AC}.Release|Any CPU.Build.0 = Release|Any CPU
		{9299A6A8-C3A5-8DAB-BB5D-0F3DAE7DFD20}.Debug|Any CPU.ActiveCfg = Debug|Any CPU
		{9299A6A8-C3A5-8DAB-BB5D-0F3DAE7DFD20}.Debug|Any CPU.Build.0 = Debug|Any CPU
		{9299A6A8-C3A5-8DAB-BB5D-0F3DAE7DFD20}.Release|Any CPU.ActiveCfg = Release|Any CPU
		{9299A6A8-C3A5-8DAB-BB5D-0F3DAE7DFD20}.Release|Any CPU.Build.0 = Release|Any CPU
		{936F20DC-1B49-48FF-C9AB-08D20F4E5EA0}.Debug|Any CPU.ActiveCfg = Debug|Any CPU
		{936F20DC-1B49-48FF-C9AB-08D20F4E5EA0}.Debug|Any CPU.Build.0 = Debug|Any CPU
		{936F20DC-1B49-48FF-C9AB-08D20F4E5EA0}.Release|Any CPU.ActiveCfg = Release|Any CPU
		{936F20DC-1B49-48FF-C9AB-08D20F4E5EA0}.Release|Any CPU.Build.0 = Release|Any CPU
		{6CE73E83-99D9-FA68-33EE-57EC3D75D892}.Debug|Any CPU.ActiveCfg = Debug|Any CPU
		{6CE73E83-99D9-FA68-33EE-57EC3D75D892}.Debug|Any CPU.Build.0 = Debug|Any CPU
		{6CE73E83-99D9-FA68-33EE-57EC3D75D892}.Release|Any CPU.ActiveCfg = Release|Any CPU
		{6CE73E83-99D9-FA68-33EE-57EC3D75D892}.Release|Any CPU.Build.0 = Release|Any CPU
		{7F11ED72-7A9B-D2A7-75ED-64251566E5C3}.Debug|Any CPU.ActiveCfg = Debug|Any CPU
		{7F11ED72-7A9B-D2A7-75ED-64251566E5C3}.Debug|Any CPU.Build.0 = Debug|Any CPU
		{7F11ED72-7A9B-D2A7-75ED-64251566E5C3}.Release|Any CPU.ActiveCfg = Release|Any CPU
		{7F11ED72-7A9B-D2A7-75ED-64251566E5C3}.Release|Any CPU.Build.0 = Release|Any CPU
		{F2EEE1C7-FAF6-1C6C-3B73-75CB9C46BC35}.Debug|Any CPU.ActiveCfg = Debug|Any CPU
		{F2EEE1C7-FAF6-1C6C-3B73-75CB9C46BC35}.Debug|Any CPU.Build.0 = Debug|Any CPU
		{F2EEE1C7-FAF6-1C6C-3B73-75CB9C46BC35}.Release|Any CPU.ActiveCfg = Release|Any CPU
		{F2EEE1C7-FAF6-1C6C-3B73-75CB9C46BC35}.Release|Any CPU.Build.0 = Release|Any CPU
		{06076DE8-00CA-6631-27FF-E99579C134AA}.Debug|Any CPU.ActiveCfg = Debug|Any CPU
		{06076DE8-00CA-6631-27FF-E99579C134AA}.Debug|Any CPU.Build.0 = Debug|Any CPU
		{06076DE8-00CA-6631-27FF-E99579C134AA}.Release|Any CPU.ActiveCfg = Release|Any CPU
		{06076DE8-00CA-6631-27FF-E99579C134AA}.Release|Any CPU.Build.0 = Release|Any CPU
		{E1BC7191-CCEF-4C9D-1F47-A4F96DDBD0CA}.Debug|Any CPU.ActiveCfg = Debug|Any CPU
		{E1BC7191-CCEF-4C9D-1F47-A4F96DDBD0CA}.Debug|Any CPU.Build.0 = Debug|Any CPU
		{E1BC7191-CCEF-4C9D-1F47-A4F96DDBD0CA}.Release|Any CPU.ActiveCfg = Release|Any CPU
		{E1BC7191-CCEF-4C9D-1F47-A4F96DDBD0CA}.Release|Any CPU.Build.0 = Release|Any CPU
	EndGlobalSection
	GlobalSection(SolutionProperties) = preSolution
		HideSolutionNode = FALSE
	EndGlobalSection
EndGlobal
